// !$*UTF8*$!
{
	archiveVersion = 1;
	classes = {
	};
	objectVersion = 50;
	objects = {

/* Begin PBXBuildFile section */
		820103AA1ED87B0600FB7007 /* AppTests.swift in Sources */ = {isa = PBXBuildFile; fileRef = 820103A81ED87AE000FB7007 /* AppTests.swift */; };
		8218E4E62211E1DA007AAAF3 /* BartyCrouch.swift in Sources */ = {isa = PBXBuildFile; fileRef = 8218E4E52211E1DA007AAAF3 /* BartyCrouch.swift */; };
		8218E4EA2211E4A8007AAAF3 /* Assets.swift in Sources */ = {isa = PBXBuildFile; fileRef = 8218E4E92211E4A8007AAAF3 /* Assets.swift */; };
		8218E4EE2211E9B8007AAAF3 /* MainFlowController.swift in Sources */ = {isa = PBXBuildFile; fileRef = 8218E4ED2211E9B8007AAAF3 /* MainFlowController.swift */; };
		823F74041ED84DAC0022317D /* Images.xcassets in Resources */ = {isa = PBXBuildFile; fileRef = 823F73EC1ED84DAC0022317D /* Images.xcassets */; };
		823F74051ED84DAC0022317D /* AppDelegate.swift in Sources */ = {isa = PBXBuildFile; fileRef = 823F73EE1ED84DAC0022317D /* AppDelegate.swift */; };
		823F74061ED84DAC0022317D /* MainViewController.swift in Sources */ = {isa = PBXBuildFile; fileRef = 823F73EF1ED84DAC0022317D /* MainViewController.swift */; };
		823F74081ED84DAC0022317D /* LaunchScreen.storyboard in Resources */ = {isa = PBXBuildFile; fileRef = 823F73F41ED84DAC0022317D /* LaunchScreen.storyboard */; };
		823F74091ED84DAC0022317D /* Main.storyboard in Resources */ = {isa = PBXBuildFile; fileRef = 823F73F61ED84DAC0022317D /* Main.storyboard */; };
		823F74141ED853BE0022317D /* Localizable.strings in Resources */ = {isa = PBXBuildFile; fileRef = 823F74161ED853BE0022317D /* Localizable.strings */; };
		823F743C1ED8679D0022317D /* Storyboards.swift in Sources */ = {isa = PBXBuildFile; fileRef = 823F74391ED8679D0022317D /* Storyboards.swift */; };
		823F743D1ED8679D0022317D /* Strings.swift in Sources */ = {isa = PBXBuildFile; fileRef = 823F743A1ED8679D0022317D /* Strings.swift */; };
		823F746F1ED876DB0022317D /* AppTests.swift in Sources */ = {isa = PBXBuildFile; fileRef = 823F746E1ED876DB0022317D /* AppTests.swift */; };
		828A920F22146058005B38B5 /* ErrorHandler.swift in Sources */ = {isa = PBXBuildFile; fileRef = 828A920E22146058005B38B5 /* ErrorHandler.swift */; };
		8298176220DBB6960021ED19 /* Colors.xcassets in Resources */ = {isa = PBXBuildFile; fileRef = 8298176120DBB6960021ED19 /* Colors.xcassets */; };
		82CC295720DBDB2000C61C6E /* Logger.swift in Sources */ = {isa = PBXBuildFile; fileRef = 82CC294E20DBDB2000C61C6E /* Logger.swift */; };
		82CC295820DBDB2000C61C6E /* Branding.swift in Sources */ = {isa = PBXBuildFile; fileRef = 82CC294F20DBDB2000C61C6E /* Branding.swift */; };
		82F2BF7220DBBA7E009D037D /* InfoPlist.strings in Resources */ = {isa = PBXBuildFile; fileRef = 82F2BF7420DBBA7E009D037D /* InfoPlist.strings */; };
		A1013A412178F30F00AA1EF7 /* HandyUIKit.framework in Frameworks */ = {isa = PBXBuildFile; fileRef = A1013A392178F30F00AA1EF7 /* HandyUIKit.framework */; };
		A1013A422178F30F00AA1EF7 /* Imperio.framework in Frameworks */ = {isa = PBXBuildFile; fileRef = A1013A3A2178F30F00AA1EF7 /* Imperio.framework */; };
		A1013A442178F30F00AA1EF7 /* SwiftyUserDefaults.framework in Frameworks */ = {isa = PBXBuildFile; fileRef = A1013A3C2178F30F00AA1EF7 /* SwiftyUserDefaults.framework */; };
		A1013A452178F30F00AA1EF7 /* HandySwift.framework in Frameworks */ = {isa = PBXBuildFile; fileRef = A1013A3D2178F30F00AA1EF7 /* HandySwift.framework */; };
		A1013A462178F30F00AA1EF7 /* MungoHealer.framework in Frameworks */ = {isa = PBXBuildFile; fileRef = A1013A3E2178F30F00AA1EF7 /* MungoHealer.framework */; };
		A1013A482178F30F00AA1EF7 /* SwiftyBeaver.framework in Frameworks */ = {isa = PBXBuildFile; fileRef = A1013A402178F30F00AA1EF7 /* SwiftyBeaver.framework */; };
/* End PBXBuildFile section */

/* Begin PBXContainerItemProxy section */
		823F73CE1ED84C3B0022317D /* PBXContainerItemProxy */ = {
			isa = PBXContainerItemProxy;
			containerPortal = 823F73B11ED84C3A0022317D /* Project object */;
			proxyType = 1;
			remoteGlobalIDString = 823F73B81ED84C3A0022317D;
			remoteInfo = NewProjectTemplate;
		};
		823F73D91ED84C3B0022317D /* PBXContainerItemProxy */ = {
			isa = PBXContainerItemProxy;
			containerPortal = 823F73B11ED84C3A0022317D /* Project object */;
			proxyType = 1;
			remoteGlobalIDString = 823F73B81ED84C3A0022317D;
			remoteInfo = NewProjectTemplate;
		};
/* End PBXContainerItemProxy section */

/* Begin PBXCopyFilesBuildPhase section */
		820103AB1ED87D1800FB7007 /* Carthage */ = {
			isa = PBXCopyFilesBuildPhase;
			buildActionMask = 2147483647;
			dstPath = "";
			dstSubfolderSpec = 10;
			files = (
			);
			name = Carthage;
			runOnlyForDeploymentPostprocessing = 0;
		};
		82CC290520DBCD1900C61C6E /* Embed Watch Content */ = {
			isa = PBXCopyFilesBuildPhase;
			buildActionMask = 2147483647;
			dstPath = "$(CONTENTS_FOLDER_PATH)/Watch";
			dstSubfolderSpec = 16;
			files = (
			);
			name = "Embed Watch Content";
			runOnlyForDeploymentPostprocessing = 0;
		};
		82CC292D20DBCD4C00C61C6E /* Embed App Extensions */ = {
			isa = PBXCopyFilesBuildPhase;
			buildActionMask = 2147483647;
			dstPath = "";
			dstSubfolderSpec = 13;
			files = (
			);
			name = "Embed App Extensions";
			runOnlyForDeploymentPostprocessing = 0;
		};
/* End PBXCopyFilesBuildPhase section */

/* Begin PBXFileReference section */
		2E288081205188AD0051EC14 /* beak.swift */ = {isa = PBXFileReference; lastKnownFileType = sourcecode.swift; path = beak.swift; sourceTree = "<group>"; };
		820103A81ED87AE000FB7007 /* AppTests.swift */ = {isa = PBXFileReference; fileEncoding = 4; lastKnownFileType = sourcecode.swift; path = AppTests.swift; sourceTree = "<group>"; };
		8207790420E4D28300FCF461 /* App.entitlements */ = {isa = PBXFileReference; lastKnownFileType = text.plist.entitlements; path = App.entitlements; sourceTree = "<group>"; };
		8218E4E52211E1DA007AAAF3 /* BartyCrouch.swift */ = {isa = PBXFileReference; lastKnownFileType = sourcecode.swift; path = BartyCrouch.swift; sourceTree = "<group>"; };
		8218E4E72211E1F9007AAAF3 /* .bartycrouch.toml */ = {isa = PBXFileReference; lastKnownFileType = text; path = .bartycrouch.toml; sourceTree = "<group>"; };
		8218E4E82211E343007AAAF3 /* swiftgen.yml */ = {isa = PBXFileReference; lastKnownFileType = text; path = swiftgen.yml; sourceTree = "<group>"; };
		8218E4E92211E4A8007AAAF3 /* Assets.swift */ = {isa = PBXFileReference; lastKnownFileType = sourcecode.swift; path = Assets.swift; sourceTree = "<group>"; };
		8218E4ED2211E9B8007AAAF3 /* MainFlowController.swift */ = {isa = PBXFileReference; lastKnownFileType = sourcecode.swift; path = MainFlowController.swift; sourceTree = "<group>"; };
		82366C33215149DF002D03AE /* LICENSE */ = {isa = PBXFileReference; lastKnownFileType = text; path = LICENSE; sourceTree = "<group>"; };
		82366C34215149DF002D03AE /* README.md */ = {isa = PBXFileReference; lastKnownFileType = net.daringfireball.markdown; path = README.md; sourceTree = "<group>"; };
		823F73B91ED84C3A0022317D /* App.app */ = {isa = PBXFileReference; explicitFileType = wrapper.application; includeInIndex = 0; path = App.app; sourceTree = BUILT_PRODUCTS_DIR; };
		823F73CD1ED84C3B0022317D /* Tests.xctest */ = {isa = PBXFileReference; explicitFileType = wrapper.cfbundle; includeInIndex = 0; path = Tests.xctest; sourceTree = BUILT_PRODUCTS_DIR; };
		823F73D81ED84C3B0022317D /* UITests.xctest */ = {isa = PBXFileReference; explicitFileType = wrapper.cfbundle; includeInIndex = 0; path = UITests.xctest; sourceTree = BUILT_PRODUCTS_DIR; };
		823F73EC1ED84DAC0022317D /* Images.xcassets */ = {isa = PBXFileReference; lastKnownFileType = folder.assetcatalog; path = Images.xcassets; sourceTree = "<group>"; };
		823F73EE1ED84DAC0022317D /* AppDelegate.swift */ = {isa = PBXFileReference; fileEncoding = 4; lastKnownFileType = sourcecode.swift; path = AppDelegate.swift; sourceTree = "<group>"; };
		823F73EF1ED84DAC0022317D /* MainViewController.swift */ = {isa = PBXFileReference; fileEncoding = 4; lastKnownFileType = sourcecode.swift; path = MainViewController.swift; sourceTree = "<group>"; };
		823F73F21ED84DAC0022317D /* Info.plist */ = {isa = PBXFileReference; fileEncoding = 4; lastKnownFileType = text.plist.xml; path = Info.plist; sourceTree = "<group>"; };
		823F73F51ED84DAC0022317D /* Base */ = {isa = PBXFileReference; lastKnownFileType = file.storyboard; name = Base; path = Base.lproj/LaunchScreen.storyboard; sourceTree = "<group>"; };
		823F73F71ED84DAC0022317D /* Base */ = {isa = PBXFileReference; lastKnownFileType = file.storyboard; name = Base; path = Base.lproj/Main.storyboard; sourceTree = "<group>"; };
		823F73FD1ED84DAC0022317D /* Info.plist */ = {isa = PBXFileReference; fileEncoding = 4; lastKnownFileType = text.plist.xml; path = Info.plist; sourceTree = "<group>"; };
		823F74031ED84DAC0022317D /* Info.plist */ = {isa = PBXFileReference; fileEncoding = 4; lastKnownFileType = text.plist.xml; path = Info.plist; sourceTree = "<group>"; };
		823F74151ED853BE0022317D /* en */ = {isa = PBXFileReference; lastKnownFileType = text.plist.strings; name = en; path = en.lproj/Localizable.strings; sourceTree = "<group>"; };
		823F74171ED853D70022317D /* de */ = {isa = PBXFileReference; lastKnownFileType = text.plist.strings; name = de; path = de.lproj/LaunchScreen.strings; sourceTree = "<group>"; };
		823F74181ED853D70022317D /* de */ = {isa = PBXFileReference; lastKnownFileType = text.plist.strings; name = de; path = de.lproj/Main.strings; sourceTree = "<group>"; };
		823F74191ED853D70022317D /* de */ = {isa = PBXFileReference; lastKnownFileType = text.plist.strings; name = de; path = de.lproj/Localizable.strings; sourceTree = "<group>"; };
		823F741B1ED85E2E0022317D /* .swiftlint.yml */ = {isa = PBXFileReference; indentWidth = 2; lastKnownFileType = text; path = .swiftlint.yml; sourceTree = "<group>"; tabWidth = 2; };
		823F741C1ED861100022317D /* Cartfile */ = {isa = PBXFileReference; fileEncoding = 4; lastKnownFileType = text; path = Cartfile; sourceTree = "<group>"; };
		823F74201ED861E80022317D /* Cartfile.resolved */ = {isa = PBXFileReference; lastKnownFileType = text; path = Cartfile.resolved; sourceTree = "<group>"; };
		823F74391ED8679D0022317D /* Storyboards.swift */ = {isa = PBXFileReference; fileEncoding = 4; lastKnownFileType = sourcecode.swift; path = Storyboards.swift; sourceTree = "<group>"; };
		823F743A1ED8679D0022317D /* Strings.swift */ = {isa = PBXFileReference; fileEncoding = 4; lastKnownFileType = sourcecode.swift; path = Strings.swift; sourceTree = "<group>"; };
		823F746E1ED876DB0022317D /* AppTests.swift */ = {isa = PBXFileReference; fileEncoding = 4; lastKnownFileType = sourcecode.swift; path = AppTests.swift; sourceTree = "<group>"; };
		8244446D210B88AA00C2044C /* .projlint.yml */ = {isa = PBXFileReference; indentWidth = 2; lastKnownFileType = text; path = .projlint.yml; sourceTree = "<group>"; tabWidth = 2; };
		828A920E22146058005B38B5 /* ErrorHandler.swift */ = {isa = PBXFileReference; lastKnownFileType = sourcecode.swift; path = ErrorHandler.swift; sourceTree = "<group>"; };
		828A921022146280005B38B5 /* Brewfile */ = {isa = PBXFileReference; lastKnownFileType = text; path = Brewfile; sourceTree = "<group>"; };
		828A921122146292005B38B5 /* SwiftGen-xcassets.stencil */ = {isa = PBXFileReference; lastKnownFileType = text; path = "SwiftGen-xcassets.stencil"; sourceTree = "<group>"; };
		828A9212221462B0005B38B5 /* .gitignore */ = {isa = PBXFileReference; lastKnownFileType = text; path = .gitignore; sourceTree = "<group>"; };
		8298176120DBB6960021ED19 /* Colors.xcassets */ = {isa = PBXFileReference; lastKnownFileType = folder.assetcatalog; path = Colors.xcassets; sourceTree = "<group>"; };
		82CC293420DBD61C00C61C6E /* en */ = {isa = PBXFileReference; lastKnownFileType = text.plist.strings; name = en; path = en.lproj/LaunchScreen.strings; sourceTree = "<group>"; };
		82CC294E20DBDB2000C61C6E /* Logger.swift */ = {isa = PBXFileReference; fileEncoding = 4; lastKnownFileType = sourcecode.swift; path = Logger.swift; sourceTree = "<group>"; };
		82CC294F20DBDB2000C61C6E /* Branding.swift */ = {isa = PBXFileReference; fileEncoding = 4; lastKnownFileType = sourcecode.swift; path = Branding.swift; sourceTree = "<group>"; };
		82F2BF7320DBBA7E009D037D /* en */ = {isa = PBXFileReference; lastKnownFileType = text.plist.strings; name = en; path = en.lproj/InfoPlist.strings; sourceTree = "<group>"; };
		82F2BF7520DBBA80009D037D /* de */ = {isa = PBXFileReference; lastKnownFileType = text.plist.strings; name = de; path = de.lproj/InfoPlist.strings; sourceTree = "<group>"; };
		82F2BF8020DBC806009D037D /* en */ = {isa = PBXFileReference; lastKnownFileType = text.plist.strings; name = en; path = en.lproj/Main.strings; sourceTree = "<group>"; };
		A1013A392178F30F00AA1EF7 /* HandyUIKit.framework */ = {isa = PBXFileReference; lastKnownFileType = wrapper.framework; name = HandyUIKit.framework; path = Carthage/Build/iOS/HandyUIKit.framework; sourceTree = "<group>"; };
		A1013A3A2178F30F00AA1EF7 /* Imperio.framework */ = {isa = PBXFileReference; lastKnownFileType = wrapper.framework; name = Imperio.framework; path = Carthage/Build/iOS/Imperio.framework; sourceTree = "<group>"; };
		A1013A3C2178F30F00AA1EF7 /* SwiftyUserDefaults.framework */ = {isa = PBXFileReference; lastKnownFileType = wrapper.framework; name = SwiftyUserDefaults.framework; path = Carthage/Build/iOS/SwiftyUserDefaults.framework; sourceTree = "<group>"; };
		A1013A3D2178F30F00AA1EF7 /* HandySwift.framework */ = {isa = PBXFileReference; lastKnownFileType = wrapper.framework; name = HandySwift.framework; path = Carthage/Build/iOS/HandySwift.framework; sourceTree = "<group>"; };
		A1013A3E2178F30F00AA1EF7 /* MungoHealer.framework */ = {isa = PBXFileReference; lastKnownFileType = wrapper.framework; name = MungoHealer.framework; path = Carthage/Build/iOS/MungoHealer.framework; sourceTree = "<group>"; };
		A1013A402178F30F00AA1EF7 /* SwiftyBeaver.framework */ = {isa = PBXFileReference; lastKnownFileType = wrapper.framework; name = SwiftyBeaver.framework; path = Carthage/Build/iOS/SwiftyBeaver.framework; sourceTree = "<group>"; };
/* End PBXFileReference section */

/* Begin PBXFrameworksBuildPhase section */
		823F73B61ED84C3A0022317D /* Frameworks */ = {
			isa = PBXFrameworksBuildPhase;
			buildActionMask = 2147483647;
			files = (
				A1013A462178F30F00AA1EF7 /* MungoHealer.framework in Frameworks */,
				A1013A422178F30F00AA1EF7 /* Imperio.framework in Frameworks */,
				A1013A442178F30F00AA1EF7 /* SwiftyUserDefaults.framework in Frameworks */,
				A1013A412178F30F00AA1EF7 /* HandyUIKit.framework in Frameworks */,
				A1013A482178F30F00AA1EF7 /* SwiftyBeaver.framework in Frameworks */,
				A1013A452178F30F00AA1EF7 /* HandySwift.framework in Frameworks */,
			);
			runOnlyForDeploymentPostprocessing = 0;
		};
		823F73CA1ED84C3B0022317D /* Frameworks */ = {
			isa = PBXFrameworksBuildPhase;
			buildActionMask = 2147483647;
			files = (
			);
			runOnlyForDeploymentPostprocessing = 0;
		};
		823F73D51ED84C3B0022317D /* Frameworks */ = {
			isa = PBXFrameworksBuildPhase;
			buildActionMask = 2147483647;
			files = (
			);
			runOnlyForDeploymentPostprocessing = 0;
		};
/* End PBXFrameworksBuildPhase section */

/* Begin PBXGroup section */
		823F73B01ED84C3A0022317D = {
			isa = PBXGroup;
			children = (
				82CC28E420DBCB5500C61C6E /* App */,
				823F73F81ED84DAC0022317D /* Tests */,
				823F73FE1ED84DAC0022317D /* UITests */,
				82CC296B20DBE8B200C61C6E /* Extensions */,
				823F74111ED853A00022317D /* RootFiles */,
				8298176420DBB9D10021ED19 /* Frameworks */,
				823F73BA1ED84C3A0022317D /* Products */,
			);
			sourceTree = "<group>";
		};
		823F73BA1ED84C3A0022317D /* Products */ = {
			isa = PBXGroup;
			children = (
				823F73B91ED84C3A0022317D /* App.app */,
				823F73CD1ED84C3B0022317D /* Tests.xctest */,
				823F73D81ED84C3B0022317D /* UITests.xctest */,
			);
			name = Products;
			sourceTree = "<group>";
		};
		823F73EA1ED84DAC0022317D /* Sources */ = {
			isa = PBXGroup;
			children = (
				823F73EE1ED84DAC0022317D /* AppDelegate.swift */,
				82CC294920DBDB2000C61C6E /* Globals */,
				8298175F20DBB6140021ED19 /* Models */,
				8298175E20DBB60C0021ED19 /* Networking */,
				8298175B20DBB5C00021ED19 /* ScreenFlows */,
			);
			path = Sources;
			sourceTree = "<group>";
		};
		823F73EB1ED84DAC0022317D /* Resources */ = {
			isa = PBXGroup;
			children = (
				8298176120DBB6960021ED19 /* Colors.xcassets */,
				823F73EC1ED84DAC0022317D /* Images.xcassets */,
				823F74161ED853BE0022317D /* Localizable.strings */,
				82F2BF7D20DBC7CD009D037D /* Fonts */,
			);
			path = Resources;
			sourceTree = "<group>";
		};
		823F73F11ED84DAC0022317D /* SupportingFiles */ = {
			isa = PBXGroup;
			children = (
				8207790420E4D28300FCF461 /* App.entitlements */,
				8218E4E52211E1DA007AAAF3 /* BartyCrouch.swift */,
				823F73F21ED84DAC0022317D /* Info.plist */,
				82F2BF7420DBBA7E009D037D /* InfoPlist.strings */,
				823F73F41ED84DAC0022317D /* LaunchScreen.storyboard */,
			);
			path = SupportingFiles;
			sourceTree = "<group>";
		};
		823F73F81ED84DAC0022317D /* Tests */ = {
			isa = PBXGroup;
			children = (
				823F746A1ED876AB0022317D /* Sources */,
				8298176320DBB90D0021ED19 /* Resources */,
				823F73FC1ED84DAC0022317D /* SupportingFiles */,
			);
			path = Tests;
			sourceTree = "<group>";
		};
		823F73FC1ED84DAC0022317D /* SupportingFiles */ = {
			isa = PBXGroup;
			children = (
				823F73FD1ED84DAC0022317D /* Info.plist */,
			);
			path = SupportingFiles;
			sourceTree = "<group>";
		};
		823F73FE1ED84DAC0022317D /* UITests */ = {
			isa = PBXGroup;
			children = (
				823F746D1ED876C00022317D /* Sources */,
				823F73FF1ED84DAC0022317D /* Resources */,
				823F74021ED84DAC0022317D /* SupportingFiles */,
			);
			path = UITests;
			sourceTree = "<group>";
		};
		823F73FF1ED84DAC0022317D /* Resources */ = {
			isa = PBXGroup;
			children = (
			);
			path = Resources;
			sourceTree = "<group>";
		};
		823F74021ED84DAC0022317D /* SupportingFiles */ = {
			isa = PBXGroup;
			children = (
				823F74031ED84DAC0022317D /* Info.plist */,
			);
			path = SupportingFiles;
			sourceTree = "<group>";
		};
		823F74111ED853A00022317D /* RootFiles */ = {
			isa = PBXGroup;
			children = (
				8218E4E72211E1F9007AAAF3 /* .bartycrouch.toml */,
				828A9212221462B0005B38B5 /* .gitignore */,
				8244446D210B88AA00C2044C /* .projlint.yml */,
				823F741B1ED85E2E0022317D /* .swiftlint.yml */,
				2E288081205188AD0051EC14 /* beak.swift */,
				828A921022146280005B38B5 /* Brewfile */,
				823F741C1ED861100022317D /* Cartfile */,
				823F74201ED861E80022317D /* Cartfile.resolved */,
				82366C33215149DF002D03AE /* LICENSE */,
				82366C34215149DF002D03AE /* README.md */,
				828A921122146292005B38B5 /* SwiftGen-xcassets.stencil */,
				8218E4E82211E343007AAAF3 /* swiftgen.yml */,
			);
			name = RootFiles;
			sourceTree = "<group>";
		};
		823F74231ED863520022317D /* App */ = {
			isa = PBXGroup;
			children = (
				A1013A3D2178F30F00AA1EF7 /* HandySwift.framework */,
				A1013A392178F30F00AA1EF7 /* HandyUIKit.framework */,
				A1013A3A2178F30F00AA1EF7 /* Imperio.framework */,
				A1013A3E2178F30F00AA1EF7 /* MungoHealer.framework */,
				A1013A402178F30F00AA1EF7 /* SwiftyBeaver.framework */,
				A1013A3C2178F30F00AA1EF7 /* SwiftyUserDefaults.framework */,
			);
			name = App;
			sourceTree = "<group>";
		};
		823F74241ED863560022317D /* Tests */ = {
			isa = PBXGroup;
			children = (
			);
			name = Tests;
			sourceTree = "<group>";
		};
		823F746A1ED876AB0022317D /* Sources */ = {
			isa = PBXGroup;
			children = (
				820103A81ED87AE000FB7007 /* AppTests.swift */,
			);
			path = Sources;
			sourceTree = "<group>";
		};
		823F746D1ED876C00022317D /* Sources */ = {
			isa = PBXGroup;
			children = (
				823F746E1ED876DB0022317D /* AppTests.swift */,
			);
			path = Sources;
			sourceTree = "<group>";
		};
		824A00AB20FCF15900FBF35C /* Extensions */ = {
			isa = PBXGroup;
			children = (
			);
			path = Extensions;
			sourceTree = "<group>";
		};
		8298175320DBB4B40021ED19 /* Generated */ = {
			isa = PBXGroup;
			children = (
				8298175420DBB4BD0021ED19 /* SwiftGen */,
			);
			path = Generated;
			sourceTree = "<group>";
		};
		8298175420DBB4BD0021ED19 /* SwiftGen */ = {
			isa = PBXGroup;
			children = (
				823F74391ED8679D0022317D /* Storyboards.swift */,
				823F743A1ED8679D0022317D /* Strings.swift */,
				8218E4E92211E4A8007AAAF3 /* Assets.swift */,
			);
			path = SwiftGen;
			sourceTree = "<group>";
		};
		8298175B20DBB5C00021ED19 /* ScreenFlows */ = {
			isa = PBXGroup;
			children = (
				8298175C20DBB5D90021ED19 /* Main */,
			);
			path = ScreenFlows;
			sourceTree = "<group>";
		};
		8298175C20DBB5D90021ED19 /* Main */ = {
			isa = PBXGroup;
			children = (
				823F73F61ED84DAC0022317D /* Main.storyboard */,
				823F73EF1ED84DAC0022317D /* MainViewController.swift */,
				8218E4ED2211E9B8007AAAF3 /* MainFlowController.swift */,
			);
			path = Main;
			sourceTree = "<group>";
		};
		8298175E20DBB60C0021ED19 /* Networking */ = {
			isa = PBXGroup;
			children = (
			);
			path = Networking;
			sourceTree = "<group>";
		};
		8298175F20DBB6140021ED19 /* Models */ = {
			isa = PBXGroup;
			children = (
			);
			path = Models;
			sourceTree = "<group>";
		};
		8298176320DBB90D0021ED19 /* Resources */ = {
			isa = PBXGroup;
			children = (
			);
			path = Resources;
			sourceTree = "<group>";
		};
		8298176420DBB9D10021ED19 /* Frameworks */ = {
			isa = PBXGroup;
			children = (
				8298176520DBB9D80021ED19 /* Carthage */,
				8298176620DBB9DD0021ED19 /* Local */,
			);
			name = Frameworks;
			sourceTree = "<group>";
		};
		8298176520DBB9D80021ED19 /* Carthage */ = {
			isa = PBXGroup;
			children = (
				823F74231ED863520022317D /* App */,
				823F74241ED863560022317D /* Tests */,
			);
			name = Carthage;
			sourceTree = "<group>";
		};
		8298176620DBB9DD0021ED19 /* Local */ = {
			isa = PBXGroup;
			children = (
				8298176720DBB9EA0021ED19 /* App */,
				8298176820DBB9EE0021ED19 /* Tests */,
			);
			name = Local;
			sourceTree = "<group>";
		};
		8298176720DBB9EA0021ED19 /* App */ = {
			isa = PBXGroup;
			children = (
			);
			name = App;
			sourceTree = "<group>";
		};
		8298176820DBB9EE0021ED19 /* Tests */ = {
			isa = PBXGroup;
			children = (
			);
			name = Tests;
			sourceTree = "<group>";
		};
		82CC28E420DBCB5500C61C6E /* App */ = {
			isa = PBXGroup;
			children = (
				823F73EA1ED84DAC0022317D /* Sources */,
				823F73EB1ED84DAC0022317D /* Resources */,
				823F73F11ED84DAC0022317D /* SupportingFiles */,
				8298175320DBB4B40021ED19 /* Generated */,
			);
			path = App;
			sourceTree = "<group>";
		};
		82CC294920DBDB2000C61C6E /* Globals */ = {
			isa = PBXGroup;
			children = (
				82CC294F20DBDB2000C61C6E /* Branding.swift */,
				828A920E22146058005B38B5 /* ErrorHandler.swift */,
				82CC294E20DBDB2000C61C6E /* Logger.swift */,
				824A00AB20FCF15900FBF35C /* Extensions */,
			);
			path = Globals;
			sourceTree = "<group>";
		};
		82CC296B20DBE8B200C61C6E /* Extensions */ = {
			isa = PBXGroup;
			children = (
			);
			path = Extensions;
			sourceTree = "<group>";
		};
		82F2BF7D20DBC7CD009D037D /* Fonts */ = {
			isa = PBXGroup;
			children = (
			);
			path = Fonts;
			sourceTree = "<group>";
		};
/* End PBXGroup section */

/* Begin PBXNativeTarget section */
		823F73B81ED84C3A0022317D /* App */ = {
			isa = PBXNativeTarget;
			buildConfigurationList = 823F73E11ED84C3B0022317D /* Build configuration list for PBXNativeTarget "App" */;
			buildPhases = (
				823F74371ED867750022317D /* BartyCrouch */,
				823F74351ED866BF0022317D /* SwiftGen */,
				823F73B51ED84C3A0022317D /* Sources */,
				823F73B61ED84C3A0022317D /* Frameworks */,
				823F73B71ED84C3A0022317D /* Resources */,
				823F741A1ED85E060022317D /* SwiftLint */,
				825650BF210F32BB003E409E /* ProjLint */,
				823F74211ED8633F0022317D /* Carthage */,
				82CC290520DBCD1900C61C6E /* Embed Watch Content */,
				82CC292D20DBCD4C00C61C6E /* Embed App Extensions */,
			);
			buildRules = (
			);
			dependencies = (
			);
			name = App;
			productName = NewProjectTemplate;
			productReference = 823F73B91ED84C3A0022317D /* App.app */;
			productType = "com.apple.product-type.application";
		};
		823F73CC1ED84C3B0022317D /* Tests */ = {
			isa = PBXNativeTarget;
			buildConfigurationList = 823F73E41ED84C3B0022317D /* Build configuration list for PBXNativeTarget "Tests" */;
			buildPhases = (
				823F73C91ED84C3B0022317D /* Sources */,
				823F73CA1ED84C3B0022317D /* Frameworks */,
				823F73CB1ED84C3B0022317D /* Resources */,
				820103AB1ED87D1800FB7007 /* Carthage */,
			);
			buildRules = (
			);
			dependencies = (
				823F73CF1ED84C3B0022317D /* PBXTargetDependency */,
			);
			name = Tests;
			productName = NewProjectTemplateTests;
			productReference = 823F73CD1ED84C3B0022317D /* Tests.xctest */;
			productType = "com.apple.product-type.bundle.unit-test";
		};
		823F73D71ED84C3B0022317D /* UITests */ = {
			isa = PBXNativeTarget;
			buildConfigurationList = 823F73E71ED84C3B0022317D /* Build configuration list for PBXNativeTarget "UITests" */;
			buildPhases = (
				823F73D41ED84C3B0022317D /* Sources */,
				823F73D51ED84C3B0022317D /* Frameworks */,
				823F73D61ED84C3B0022317D /* Resources */,
			);
			buildRules = (
			);
			dependencies = (
				823F73DA1ED84C3B0022317D /* PBXTargetDependency */,
			);
			name = UITests;
			productName = NewProjectTemplateUITests;
			productReference = 823F73D81ED84C3B0022317D /* UITests.xctest */;
			productType = "com.apple.product-type.bundle.ui-testing";
		};
/* End PBXNativeTarget section */

/* Begin PBXProject section */
		823F73B11ED84C3A0022317D /* Project object */ = {
			isa = PBXProject;
			attributes = {
				LastSwiftUpdateCheck = 0940;
				LastUpgradeCheck = 0930;
				ORGANIZATIONNAME = "Jamit Labs GmbH";
				TargetAttributes = {
					823F73B81ED84C3A0022317D = {
						CreatedOnToolsVersion = 8.3.2;
						DevelopmentTeam = DB7EUU9D79;
						LastSwiftMigration = 0900;
						ProvisioningStyle = Automatic;
					};
					823F73CC1ED84C3B0022317D = {
						CreatedOnToolsVersion = 8.3.2;
						DevelopmentTeam = DB7EUU9D79;
						LastSwiftMigration = 0900;
						ProvisioningStyle = Automatic;
						TestTargetID = 823F73B81ED84C3A0022317D;
					};
					823F73D71ED84C3B0022317D = {
						CreatedOnToolsVersion = 8.3.2;
						DevelopmentTeam = DB7EUU9D79;
						LastSwiftMigration = 0900;
						ProvisioningStyle = Automatic;
						TestTargetID = 823F73B81ED84C3A0022317D;
					};
				};
			};
			buildConfigurationList = 823F73B41ED84C3A0022317D /* Build configuration list for PBXProject "NewProjectTemplate" */;
			compatibilityVersion = "Xcode 9.3";
			developmentRegion = English;
			hasScannedForEncodings = 0;
			knownRegions = (
				en,
				Base,
				de,
			);
			mainGroup = 823F73B01ED84C3A0022317D;
			productRefGroup = 823F73BA1ED84C3A0022317D /* Products */;
			projectDirPath = "";
			projectRoot = "";
			targets = (
				823F73B81ED84C3A0022317D /* App */,
				823F73CC1ED84C3B0022317D /* Tests */,
				823F73D71ED84C3B0022317D /* UITests */,
			);
		};
/* End PBXProject section */

/* Begin PBXResourcesBuildPhase section */
		823F73B71ED84C3A0022317D /* Resources */ = {
			isa = PBXResourcesBuildPhase;
			buildActionMask = 2147483647;
			files = (
				8298176220DBB6960021ED19 /* Colors.xcassets in Resources */,
				82F2BF7220DBBA7E009D037D /* InfoPlist.strings in Resources */,
				823F74081ED84DAC0022317D /* LaunchScreen.storyboard in Resources */,
				823F74141ED853BE0022317D /* Localizable.strings in Resources */,
				823F74041ED84DAC0022317D /* Images.xcassets in Resources */,
				823F74091ED84DAC0022317D /* Main.storyboard in Resources */,
			);
			runOnlyForDeploymentPostprocessing = 0;
		};
		823F73CB1ED84C3B0022317D /* Resources */ = {
			isa = PBXResourcesBuildPhase;
			buildActionMask = 2147483647;
			files = (
			);
			runOnlyForDeploymentPostprocessing = 0;
		};
		823F73D61ED84C3B0022317D /* Resources */ = {
			isa = PBXResourcesBuildPhase;
			buildActionMask = 2147483647;
			files = (
			);
			runOnlyForDeploymentPostprocessing = 0;
		};
/* End PBXResourcesBuildPhase section */

/* Begin PBXShellScriptBuildPhase section */
		823F741A1ED85E060022317D /* SwiftLint */ = {
			isa = PBXShellScriptBuildPhase;
			buildActionMask = 2147483647;
			files = (
			);
			inputPaths = (
			);
			name = SwiftLint;
			outputPaths = (
			);
			runOnlyForDeploymentPostprocessing = 0;
			shellPath = /bin/sh;
			shellScript = "if which swiftlint > /dev/null; then\n    swiftlint --quiet\nelse\n    echo \"warning: SwiftLint not installed, download it from https://github.com/realm/SwiftLint\"\nfi\n";
		};
		823F74211ED8633F0022317D /* Carthage */ = {
			isa = PBXShellScriptBuildPhase;
			buildActionMask = 2147483647;
			files = (
			);
			inputPaths = (
				"$(SRCROOT)/Carthage/Build/iOS/HandySwift.framework",
				"$(SRCROOT)/Carthage/Build/iOS/HandyUIKit.framework",
				"$(SRCROOT)/Carthage/Build/iOS/Imperio.framework",
				"$(SRCROOT)/Carthage/Build/iOS/MungoHealer.framework",
				"$(SRCROOT)/Carthage/Build/iOS/SwiftyBeaver.framework",
				"$(SRCROOT)/Carthage/Build/iOS/SwiftyUserDefaults.framework",
			);
			name = Carthage;
			outputPaths = (
			);
			runOnlyForDeploymentPostprocessing = 0;
			shellPath = /bin/sh;
			shellScript = "/usr/local/bin/carthage copy-frameworks\n";
		};
		823F74351ED866BF0022317D /* SwiftGen */ = {
			isa = PBXShellScriptBuildPhase;
			buildActionMask = 2147483647;
			files = (
			);
			inputPaths = (
			);
			name = SwiftGen;
			outputPaths = (
			);
			runOnlyForDeploymentPostprocessing = 0;
			shellPath = /bin/sh;
			shellScript = "if which swiftgen > /dev/null; then\n    swiftgen\nelse\n    echo \"warning: SwiftGen not installed, download it from https://github.com/AliSoftware/SwiftGen\"\nfi\n";
		};
		823F74371ED867750022317D /* BartyCrouch */ = {
			isa = PBXShellScriptBuildPhase;
			buildActionMask = 2147483647;
			files = (
			);
			inputPaths = (
			);
			name = BartyCrouch;
			outputPaths = (
			);
			runOnlyForDeploymentPostprocessing = 0;
			shellPath = /bin/sh;
			shellScript = "if which bartycrouch > /dev/null; then\n    bartycrouch update -x\n    bartycrouch lint -x\nelse\n    echo \"warning: BartyCrouch not installed, download it from https://github.com/Flinesoft/BartyCrouch\"\nfi\n";
		};
		825650BF210F32BB003E409E /* ProjLint */ = {
			isa = PBXShellScriptBuildPhase;
			buildActionMask = 2147483647;
			files = (
			);
			inputPaths = (
			);
			name = ProjLint;
			outputPaths = (
			);
			runOnlyForDeploymentPostprocessing = 0;
			shellPath = /bin/sh;
			shellScript = "if which projlint > /dev/null; then\n    projlint lint --xcode --timeout 2 --ignore-network-errors\nelse\n    echo \"warning: ProjLint not installed, download it from https://github.com/JamitLabs/ProjLint\"\nfi\n";
		};
/* End PBXShellScriptBuildPhase section */

/* Begin PBXSourcesBuildPhase section */
		823F73B51ED84C3A0022317D /* Sources */ = {
			isa = PBXSourcesBuildPhase;
			buildActionMask = 2147483647;
			files = (
				823F743C1ED8679D0022317D /* Storyboards.swift in Sources */,
				823F74061ED84DAC0022317D /* MainViewController.swift in Sources */,
				823F743D1ED8679D0022317D /* Strings.swift in Sources */,
				8218E4EE2211E9B8007AAAF3 /* MainFlowController.swift in Sources */,
				8218E4E62211E1DA007AAAF3 /* BartyCrouch.swift in Sources */,
				82CC295720DBDB2000C61C6E /* Logger.swift in Sources */,
				823F74051ED84DAC0022317D /* AppDelegate.swift in Sources */,
				828A920F22146058005B38B5 /* ErrorHandler.swift in Sources */,
				8218E4EA2211E4A8007AAAF3 /* Assets.swift in Sources */,
				82CC295820DBDB2000C61C6E /* Branding.swift in Sources */,
			);
			runOnlyForDeploymentPostprocessing = 0;
		};
		823F73C91ED84C3B0022317D /* Sources */ = {
			isa = PBXSourcesBuildPhase;
			buildActionMask = 2147483647;
			files = (
				820103AA1ED87B0600FB7007 /* AppTests.swift in Sources */,
			);
			runOnlyForDeploymentPostprocessing = 0;
		};
		823F73D41ED84C3B0022317D /* Sources */ = {
			isa = PBXSourcesBuildPhase;
			buildActionMask = 2147483647;
			files = (
				823F746F1ED876DB0022317D /* AppTests.swift in Sources */,
			);
			runOnlyForDeploymentPostprocessing = 0;
		};
/* End PBXSourcesBuildPhase section */

/* Begin PBXTargetDependency section */
		823F73CF1ED84C3B0022317D /* PBXTargetDependency */ = {
			isa = PBXTargetDependency;
			target = 823F73B81ED84C3A0022317D /* App */;
			targetProxy = 823F73CE1ED84C3B0022317D /* PBXContainerItemProxy */;
		};
		823F73DA1ED84C3B0022317D /* PBXTargetDependency */ = {
			isa = PBXTargetDependency;
			target = 823F73B81ED84C3A0022317D /* App */;
			targetProxy = 823F73D91ED84C3B0022317D /* PBXContainerItemProxy */;
		};
/* End PBXTargetDependency section */

/* Begin PBXVariantGroup section */
		823F73F41ED84DAC0022317D /* LaunchScreen.storyboard */ = {
			isa = PBXVariantGroup;
			children = (
				823F73F51ED84DAC0022317D /* Base */,
				823F74171ED853D70022317D /* de */,
				82CC293420DBD61C00C61C6E /* en */,
			);
			name = LaunchScreen.storyboard;
			sourceTree = "<group>";
		};
		823F73F61ED84DAC0022317D /* Main.storyboard */ = {
			isa = PBXVariantGroup;
			children = (
				823F73F71ED84DAC0022317D /* Base */,
				823F74181ED853D70022317D /* de */,
				82F2BF8020DBC806009D037D /* en */,
			);
			name = Main.storyboard;
			sourceTree = "<group>";
		};
		823F74161ED853BE0022317D /* Localizable.strings */ = {
			isa = PBXVariantGroup;
			children = (
				823F74151ED853BE0022317D /* en */,
				823F74191ED853D70022317D /* de */,
			);
			name = Localizable.strings;
			sourceTree = "<group>";
		};
		82F2BF7420DBBA7E009D037D /* InfoPlist.strings */ = {
			isa = PBXVariantGroup;
			children = (
				82F2BF7320DBBA7E009D037D /* en */,
				82F2BF7520DBBA80009D037D /* de */,
			);
			name = InfoPlist.strings;
			sourceTree = "<group>";
		};
/* End PBXVariantGroup section */

/* Begin XCBuildConfiguration section */
		823F73DF1ED84C3B0022317D /* Debug */ = {
			isa = XCBuildConfiguration;
			buildSettings = {
				ALWAYS_SEARCH_USER_PATHS = NO;
				CLANG_ANALYZER_LOCALIZABILITY_NONLOCALIZED = YES;
				CLANG_ANALYZER_NONNULL = YES;
				CLANG_ANALYZER_NUMBER_OBJECT_CONVERSION = YES_AGGRESSIVE;
				CLANG_CXX_LANGUAGE_STANDARD = "gnu++0x";
				CLANG_CXX_LIBRARY = "libc++";
				CLANG_ENABLE_MODULES = YES;
				CLANG_ENABLE_OBJC_ARC = YES;
				CLANG_WARN_BLOCK_CAPTURE_AUTORELEASING = YES;
				CLANG_WARN_BOOL_CONVERSION = YES;
				CLANG_WARN_COMMA = YES;
				CLANG_WARN_CONSTANT_CONVERSION = YES;
				CLANG_WARN_DEPRECATED_OBJC_IMPLEMENTATIONS = YES;
				CLANG_WARN_DIRECT_OBJC_ISA_USAGE = YES_ERROR;
				CLANG_WARN_DOCUMENTATION_COMMENTS = YES;
				CLANG_WARN_EMPTY_BODY = YES;
				CLANG_WARN_ENUM_CONVERSION = YES;
				CLANG_WARN_INFINITE_RECURSION = YES;
				CLANG_WARN_INT_CONVERSION = YES;
				CLANG_WARN_NON_LITERAL_NULL_CONVERSION = YES;
				CLANG_WARN_OBJC_IMPLICIT_RETAIN_SELF = YES;
				CLANG_WARN_OBJC_LITERAL_CONVERSION = YES;
				CLANG_WARN_OBJC_ROOT_CLASS = YES_ERROR;
				CLANG_WARN_RANGE_LOOP_ANALYSIS = YES;
				CLANG_WARN_STRICT_PROTOTYPES = YES;
				CLANG_WARN_SUSPICIOUS_MOVE = YES;
				CLANG_WARN_UNREACHABLE_CODE = YES;
				CLANG_WARN__DUPLICATE_METHOD_MATCH = YES;
				"CODE_SIGN_IDENTITY[sdk=iphoneos*]" = "iPhone Developer";
				COPY_PHASE_STRIP = NO;
				DEBUG_INFORMATION_FORMAT = dwarf;
				ENABLE_STRICT_OBJC_MSGSEND = YES;
				ENABLE_TESTABILITY = YES;
				GCC_C_LANGUAGE_STANDARD = gnu99;
				GCC_DYNAMIC_NO_PIC = NO;
				GCC_NO_COMMON_BLOCKS = YES;
				GCC_OPTIMIZATION_LEVEL = 0;
				GCC_PREPROCESSOR_DEFINITIONS = (
					"DEBUG=1",
					"$(inherited)",
				);
				GCC_WARN_64_TO_32_BIT_CONVERSION = YES;
				GCC_WARN_ABOUT_RETURN_TYPE = YES_ERROR;
				GCC_WARN_UNDECLARED_SELECTOR = YES;
				GCC_WARN_UNINITIALIZED_AUTOS = YES_AGGRESSIVE;
				GCC_WARN_UNUSED_FUNCTION = YES;
				GCC_WARN_UNUSED_VARIABLE = YES;
				IPHONEOS_DEPLOYMENT_TARGET = 12.0;
				MTL_ENABLE_DEBUG_INFO = YES;
				ONLY_ACTIVE_ARCH = YES;
				SDKROOT = iphoneos;
				SWIFT_ACTIVE_COMPILATION_CONDITIONS = DEBUG;
				SWIFT_OPTIMIZATION_LEVEL = "-Onone";
				SWIFT_SWIFT3_OBJC_INFERENCE = Off;
				SWIFT_VERSION = 4.2;
				TARGETED_DEVICE_FAMILY = "1,2";
			};
			name = Debug;
		};
		823F73E01ED84C3B0022317D /* Release */ = {
			isa = XCBuildConfiguration;
			buildSettings = {
				ALWAYS_SEARCH_USER_PATHS = NO;
				CLANG_ANALYZER_LOCALIZABILITY_NONLOCALIZED = YES;
				CLANG_ANALYZER_NONNULL = YES;
				CLANG_ANALYZER_NUMBER_OBJECT_CONVERSION = YES_AGGRESSIVE;
				CLANG_CXX_LANGUAGE_STANDARD = "gnu++0x";
				CLANG_CXX_LIBRARY = "libc++";
				CLANG_ENABLE_MODULES = YES;
				CLANG_ENABLE_OBJC_ARC = YES;
				CLANG_WARN_BLOCK_CAPTURE_AUTORELEASING = YES;
				CLANG_WARN_BOOL_CONVERSION = YES;
				CLANG_WARN_COMMA = YES;
				CLANG_WARN_CONSTANT_CONVERSION = YES;
				CLANG_WARN_DEPRECATED_OBJC_IMPLEMENTATIONS = YES;
				CLANG_WARN_DIRECT_OBJC_ISA_USAGE = YES_ERROR;
				CLANG_WARN_DOCUMENTATION_COMMENTS = YES;
				CLANG_WARN_EMPTY_BODY = YES;
				CLANG_WARN_ENUM_CONVERSION = YES;
				CLANG_WARN_INFINITE_RECURSION = YES;
				CLANG_WARN_INT_CONVERSION = YES;
				CLANG_WARN_NON_LITERAL_NULL_CONVERSION = YES;
				CLANG_WARN_OBJC_IMPLICIT_RETAIN_SELF = YES;
				CLANG_WARN_OBJC_LITERAL_CONVERSION = YES;
				CLANG_WARN_OBJC_ROOT_CLASS = YES_ERROR;
				CLANG_WARN_RANGE_LOOP_ANALYSIS = YES;
				CLANG_WARN_STRICT_PROTOTYPES = YES;
				CLANG_WARN_SUSPICIOUS_MOVE = YES;
				CLANG_WARN_UNREACHABLE_CODE = YES;
				CLANG_WARN__DUPLICATE_METHOD_MATCH = YES;
				"CODE_SIGN_IDENTITY[sdk=iphoneos*]" = "iPhone Developer";
				COPY_PHASE_STRIP = NO;
				DEBUG_INFORMATION_FORMAT = "dwarf-with-dsym";
				ENABLE_NS_ASSERTIONS = NO;
				ENABLE_STRICT_OBJC_MSGSEND = YES;
				GCC_C_LANGUAGE_STANDARD = gnu99;
				GCC_NO_COMMON_BLOCKS = YES;
				GCC_WARN_64_TO_32_BIT_CONVERSION = YES;
				GCC_WARN_ABOUT_RETURN_TYPE = YES_ERROR;
				GCC_WARN_UNDECLARED_SELECTOR = YES;
				GCC_WARN_UNINITIALIZED_AUTOS = YES_AGGRESSIVE;
				GCC_WARN_UNUSED_FUNCTION = YES;
				GCC_WARN_UNUSED_VARIABLE = YES;
				IPHONEOS_DEPLOYMENT_TARGET = 12.0;
				MTL_ENABLE_DEBUG_INFO = NO;
				SDKROOT = iphoneos;
				SWIFT_COMPILATION_MODE = wholemodule;
				SWIFT_OPTIMIZATION_LEVEL = "-O";
				SWIFT_SWIFT3_OBJC_INFERENCE = Off;
				SWIFT_VERSION = 4.2;
				TARGETED_DEVICE_FAMILY = "1,2";
				VALIDATE_PRODUCT = YES;
			};
			name = Release;
		};
		823F73E21ED84C3B0022317D /* Debug */ = {
			isa = XCBuildConfiguration;
			buildSettings = {
				ASSETCATALOG_COMPILER_APPICON_NAME = AppIcon;
				CODE_SIGN_IDENTITY = "iPhone Developer";
				DEVELOPMENT_TEAM = DB7EUU9D79;
				FRAMEWORK_SEARCH_PATHS = (
					"$(inherited)",
					"$(PROJECT_DIR)/Carthage/Build/iOS",
				);
				INFOPLIST_FILE = "$(SRCROOT)/App/SupportingFiles/Info.plist";
				LD_RUNPATH_SEARCH_PATHS = (
					"$(inherited)",
					"@executable_path/Frameworks",
				);
				OTHER_SWIFT_FLAGS = "-D DEBUG";
				PRODUCT_BUNDLE_IDENTIFIER = com.jamitlabs.NewProjectTemplate;
				PRODUCT_NAME = "$(TARGET_NAME)";
			};
			name = Debug;
		};
		823F73E31ED84C3B0022317D /* Release */ = {
			isa = XCBuildConfiguration;
			buildSettings = {
				ASSETCATALOG_COMPILER_APPICON_NAME = AppIcon;
				CODE_SIGN_IDENTITY = "iPhone Developer";
				DEVELOPMENT_TEAM = DB7EUU9D79;
				FRAMEWORK_SEARCH_PATHS = (
					"$(inherited)",
					"$(PROJECT_DIR)/Carthage/Build/iOS",
				);
				INFOPLIST_FILE = "$(SRCROOT)/App/SupportingFiles/Info.plist";
				LD_RUNPATH_SEARCH_PATHS = (
					"$(inherited)",
					"@executable_path/Frameworks",
				);
				PRODUCT_BUNDLE_IDENTIFIER = com.jamitlabs.NewProjectTemplate;
				PRODUCT_NAME = "$(TARGET_NAME)";
			};
			name = Release;
		};
		823F73E51ED84C3B0022317D /* Debug */ = {
			isa = XCBuildConfiguration;
			buildSettings = {
				ALWAYS_EMBED_SWIFT_STANDARD_LIBRARIES = YES;
				BUNDLE_LOADER = "$(TEST_HOST)";
				CLANG_ENABLE_MODULES = YES;
				DEVELOPMENT_TEAM = DB7EUU9D79;
				FRAMEWORK_SEARCH_PATHS = (
					"$(inherited)",
					"$(PROJECT_DIR)/Carthage/Build/iOS",
				);
				INFOPLIST_FILE = "$(SRCROOT)/Tests/SupportingFiles/Info.plist";
				LD_RUNPATH_SEARCH_PATHS = (
					"$(inherited)",
					"@executable_path/Frameworks",
					"@loader_path/Frameworks",
				);
				PRODUCT_BUNDLE_IDENTIFIER = com.jamitlabs.NewProjectTemplateTests;
				PRODUCT_NAME = "$(TARGET_NAME)";
				SWIFT_OPTIMIZATION_LEVEL = "-Onone";
				TEST_HOST = "$(BUILT_PRODUCTS_DIR)/App.app/App";
			};
			name = Debug;
		};
		823F73E61ED84C3B0022317D /* Release */ = {
			isa = XCBuildConfiguration;
			buildSettings = {
				ALWAYS_EMBED_SWIFT_STANDARD_LIBRARIES = YES;
				BUNDLE_LOADER = "$(TEST_HOST)";
				CLANG_ENABLE_MODULES = YES;
				DEVELOPMENT_TEAM = DB7EUU9D79;
				FRAMEWORK_SEARCH_PATHS = (
					"$(inherited)",
					"$(PROJECT_DIR)/Carthage/Build/iOS",
				);
				INFOPLIST_FILE = "$(SRCROOT)/Tests/SupportingFiles/Info.plist";
				LD_RUNPATH_SEARCH_PATHS = (
					"$(inherited)",
					"@executable_path/Frameworks",
					"@loader_path/Frameworks",
				);
				PRODUCT_BUNDLE_IDENTIFIER = com.jamitlabs.NewProjectTemplateTests;
				PRODUCT_NAME = "$(TARGET_NAME)";
				TEST_HOST = "$(BUILT_PRODUCTS_DIR)/App.app/App";
			};
			name = Release;
		};
		823F73E81ED84C3B0022317D /* Debug */ = {
			isa = XCBuildConfiguration;
			buildSettings = {
				ALWAYS_EMBED_SWIFT_STANDARD_LIBRARIES = YES;
				CLANG_ENABLE_MODULES = YES;
				DEVELOPMENT_TEAM = DB7EUU9D79;
				INFOPLIST_FILE = "$(SRCROOT)/UITests/SupportingFiles/Info.plist";
				LD_RUNPATH_SEARCH_PATHS = (
					"$(inherited)",
					"@executable_path/Frameworks",
					"@loader_path/Frameworks",
				);
				PRODUCT_BUNDLE_IDENTIFIER = com.jamitlabs.NewProjectTemplateUITests;
				PRODUCT_NAME = "$(TARGET_NAME)";
				SWIFT_OPTIMIZATION_LEVEL = "-Onone";
				TEST_TARGET_NAME = NewProjectTemplate;
			};
			name = Debug;
		};
		823F73E91ED84C3B0022317D /* Release */ = {
			isa = XCBuildConfiguration;
			buildSettings = {
				ALWAYS_EMBED_SWIFT_STANDARD_LIBRARIES = YES;
				CLANG_ENABLE_MODULES = YES;
				DEVELOPMENT_TEAM = DB7EUU9D79;
				INFOPLIST_FILE = "$(SRCROOT)/UITests/SupportingFiles/Info.plist";
				LD_RUNPATH_SEARCH_PATHS = (
					"$(inherited)",
					"@executable_path/Frameworks",
					"@loader_path/Frameworks",
				);
				PRODUCT_BUNDLE_IDENTIFIER = com.jamitlabs.NewProjectTemplateUITests;
				PRODUCT_NAME = "$(TARGET_NAME)";
				TEST_TARGET_NAME = NewProjectTemplate;
			};
			name = Release;
		};
/* End XCBuildConfiguration section */

/* Begin XCConfigurationList section */
		823F73B41ED84C3A0022317D /* Build configuration list for PBXProject "NewProjectTemplate" */ = {
			isa = XCConfigurationList;
			buildConfigurations = (
				823F73DF1ED84C3B0022317D /* Debug */,
				823F73E01ED84C3B0022317D /* Release */,
			);
			defaultConfigurationIsVisible = 0;
			defaultConfigurationName = Release;
		};
		823F73E11ED84C3B0022317D /* Build configuration list for PBXNativeTarget "App" */ = {
			isa = XCConfigurationList;
			buildConfigurations = (
				823F73E21ED84C3B0022317D /* Debug */,
				823F73E31ED84C3B0022317D /* Release */,
			);
			defaultConfigurationIsVisible = 0;
			defaultConfigurationName = Release;
		};
		823F73E41ED84C3B0022317D /* Build configuration list for PBXNativeTarget "Tests" */ = {
			isa = XCConfigurationList;
			buildConfigurations = (
				823F73E51ED84C3B0022317D /* Debug */,
				823F73E61ED84C3B0022317D /* Release */,
			);
			defaultConfigurationIsVisible = 0;
			defaultConfigurationName = Release;
		};
		823F73E71ED84C3B0022317D /* Build configuration list for PBXNativeTarget "UITests" */ = {
			isa = XCConfigurationList;
			buildConfigurations = (
				823F73E81ED84C3B0022317D /* Debug */,
				823F73E91ED84C3B0022317D /* Release */,
			);
			defaultConfigurationIsVisible = 0;
			defaultConfigurationName = Release;
		};
/* End XCConfigurationList section */
	};
	rootObject = 823F73B11ED84C3A0022317D /* Project object */;
}
