// !$*UTF8*$!
{
	archiveVersion = 1;
	classes = {
	};
	objectVersion = 46;
	objects = {

/* Begin PBXBuildFile section */
		2E19FF3E2051899100773831 /* Differ.framework in Frameworks */ = {isa = PBXBuildFile; fileRef = 2E19FF3B2051899100773831 /* Differ.framework */; };
		2E19FF3F2051899100773831 /* Bond.framework in Frameworks */ = {isa = PBXBuildFile; fileRef = 2E19FF3C2051899100773831 /* Bond.framework */; };
		2E19FF402051899100773831 /* ReactiveKit.framework in Frameworks */ = {isa = PBXBuildFile; fileRef = 2E19FF3D2051899100773831 /* ReactiveKit.framework */; };
		820103AA1ED87B0600FB7007 /* ExampleSpec.swift in Sources */ = {isa = PBXBuildFile; fileRef = 820103A81ED87AE000FB7007 /* ExampleSpec.swift */; };
		820103AC1ED87D2200FB7007 /* Nimble.framework in Carthage */ = {isa = PBXBuildFile; fileRef = 823F74311ED8658E0022317D /* Nimble.framework */; settings = {ATTRIBUTES = (CodeSignOnCopy, RemoveHeadersOnCopy, ); }; };
		820103AD1ED87D2200FB7007 /* Quick.framework in Carthage */ = {isa = PBXBuildFile; fileRef = 823F74321ED8658E0022317D /* Quick.framework */; settings = {ATTRIBUTES = (CodeSignOnCopy, RemoveHeadersOnCopy, ); }; };
		823F74041ED84DAC0022317D /* Images.xcassets in Resources */ = {isa = PBXBuildFile; fileRef = 823F73EC1ED84DAC0022317D /* Images.xcassets */; };
		823F74051ED84DAC0022317D /* AppDelegate.swift in Sources */ = {isa = PBXBuildFile; fileRef = 823F73EE1ED84DAC0022317D /* AppDelegate.swift */; };
		823F74061ED84DAC0022317D /* ViewController.swift in Sources */ = {isa = PBXBuildFile; fileRef = 823F73EF1ED84DAC0022317D /* ViewController.swift */; };
		823F74081ED84DAC0022317D /* LaunchScreen.storyboard in Resources */ = {isa = PBXBuildFile; fileRef = 823F73F41ED84DAC0022317D /* LaunchScreen.storyboard */; };
		823F74091ED84DAC0022317D /* Main.storyboard in Resources */ = {isa = PBXBuildFile; fileRef = 823F73F61ED84DAC0022317D /* Main.storyboard */; };
		823F74141ED853BE0022317D /* Localizable.strings in Resources */ = {isa = PBXBuildFile; fileRef = 823F74161ED853BE0022317D /* Localizable.strings */; };
		823F742B1ED8637B0022317D /* HandySwift.framework in Frameworks */ = {isa = PBXBuildFile; fileRef = 823F74251ED8637B0022317D /* HandySwift.framework */; };
		823F742C1ED8637B0022317D /* HandyUIKit.framework in Frameworks */ = {isa = PBXBuildFile; fileRef = 823F74261ED8637B0022317D /* HandyUIKit.framework */; };
		823F742D1ED8637B0022317D /* Imperio.framework in Frameworks */ = {isa = PBXBuildFile; fileRef = 823F74271ED8637B0022317D /* Imperio.framework */; };
		823F742F1ED8637B0022317D /* SwiftyBeaver.framework in Frameworks */ = {isa = PBXBuildFile; fileRef = 823F74291ED8637B0022317D /* SwiftyBeaver.framework */; };
		823F74301ED8637B0022317D /* SwiftyUserDefaults.framework in Frameworks */ = {isa = PBXBuildFile; fileRef = 823F742A1ED8637B0022317D /* SwiftyUserDefaults.framework */; };
		823F74331ED8658E0022317D /* Nimble.framework in Frameworks */ = {isa = PBXBuildFile; fileRef = 823F74311ED8658E0022317D /* Nimble.framework */; };
		823F74341ED8658E0022317D /* Quick.framework in Frameworks */ = {isa = PBXBuildFile; fileRef = 823F74321ED8658E0022317D /* Quick.framework */; };
		823F743B1ED8679D0022317D /* Colors.swift in Sources */ = {isa = PBXBuildFile; fileRef = 823F74381ED8679D0022317D /* Colors.swift */; };
		823F743C1ED8679D0022317D /* Storyboards.swift in Sources */ = {isa = PBXBuildFile; fileRef = 823F74391ED8679D0022317D /* Storyboards.swift */; };
		823F743D1ED8679D0022317D /* Strings.swift in Sources */ = {isa = PBXBuildFile; fileRef = 823F743A1ED8679D0022317D /* Strings.swift */; };
		823F74431ED86AB30022317D /* JGProgressHUD.framework in Frameworks */ = {isa = PBXBuildFile; fileRef = 823F74421ED86AB30022317D /* JGProgressHUD.framework */; };
		823F746F1ED876DB0022317D /* ExampleTestCase.swift in Sources */ = {isa = PBXBuildFile; fileRef = 823F746E1ED876DB0022317D /* ExampleTestCase.swift */; };
		8298176220DBB6960021ED19 /* Colors.xcassets in Resources */ = {isa = PBXBuildFile; fileRef = 8298176120DBB6960021ED19 /* Colors.xcassets */; };
		82CC295620DBDB2000C61C6E /* Progress.swift in Sources */ = {isa = PBXBuildFile; fileRef = 82CC294D20DBDB2000C61C6E /* Progress.swift */; };
		82CC295720DBDB2000C61C6E /* Logger.swift in Sources */ = {isa = PBXBuildFile; fileRef = 82CC294E20DBDB2000C61C6E /* Logger.swift */; };
		82CC295820DBDB2000C61C6E /* Branding.swift in Sources */ = {isa = PBXBuildFile; fileRef = 82CC294F20DBDB2000C61C6E /* Branding.swift */; };
		82CC295E20DBE46D00C61C6E /* Result.framework in Frameworks */ = {isa = PBXBuildFile; fileRef = 82CC295D20DBE46D00C61C6E /* Result.framework */; };
		82F2BF7220DBBA7E009D037D /* InfoPlist.strings in Resources */ = {isa = PBXBuildFile; fileRef = 82F2BF7420DBBA7E009D037D /* InfoPlist.strings */; };
		82F2BF7920DBBD8F009D037D /* Moya.framework in Frameworks */ = {isa = PBXBuildFile; fileRef = 82F2BF7720DBBD8F009D037D /* Moya.framework */; };
		82F2BF7A20DBBD8F009D037D /* Alamofire.framework in Frameworks */ = {isa = PBXBuildFile; fileRef = 82F2BF7820DBBD8F009D037D /* Alamofire.framework */; };
/* End PBXBuildFile section */

/* Begin PBXContainerItemProxy section */
		823F73CE1ED84C3B0022317D /* PBXContainerItemProxy */ = {
			isa = PBXContainerItemProxy;
			containerPortal = 823F73B11ED84C3A0022317D /* Project object */;
			proxyType = 1;
			remoteGlobalIDString = 823F73B81ED84C3A0022317D;
			remoteInfo = NewProjectTemplate;
		};
		823F73D91ED84C3B0022317D /* PBXContainerItemProxy */ = {
			isa = PBXContainerItemProxy;
			containerPortal = 823F73B11ED84C3A0022317D /* Project object */;
			proxyType = 1;
			remoteGlobalIDString = 823F73B81ED84C3A0022317D;
			remoteInfo = NewProjectTemplate;
		};
/* End PBXContainerItemProxy section */

/* Begin PBXCopyFilesBuildPhase section */
		820103AB1ED87D1800FB7007 /* Carthage */ = {
			isa = PBXCopyFilesBuildPhase;
			buildActionMask = 2147483647;
			dstPath = "";
			dstSubfolderSpec = 10;
			files = (
				820103AC1ED87D2200FB7007 /* Nimble.framework in Carthage */,
				820103AD1ED87D2200FB7007 /* Quick.framework in Carthage */,
			);
			name = Carthage;
			runOnlyForDeploymentPostprocessing = 0;
		};
		82CC290520DBCD1900C61C6E /* Embed Watch Content */ = {
			isa = PBXCopyFilesBuildPhase;
			buildActionMask = 2147483647;
			dstPath = "$(CONTENTS_FOLDER_PATH)/Watch";
			dstSubfolderSpec = 16;
			files = (
			);
			name = "Embed Watch Content";
			runOnlyForDeploymentPostprocessing = 0;
		};
		82CC292D20DBCD4C00C61C6E /* Embed App Extensions */ = {
			isa = PBXCopyFilesBuildPhase;
			buildActionMask = 2147483647;
			dstPath = "";
			dstSubfolderSpec = 13;
			files = (
			);
			name = "Embed App Extensions";
			runOnlyForDeploymentPostprocessing = 0;
		};
/* End PBXCopyFilesBuildPhase section */

/* Begin PBXFileReference section */
		2E19FF3B2051899100773831 /* Differ.framework */ = {isa = PBXFileReference; lastKnownFileType = wrapper.framework; name = Differ.framework; path = Carthage/Build/iOS/Differ.framework; sourceTree = "<group>"; };
		2E19FF3C2051899100773831 /* Bond.framework */ = {isa = PBXFileReference; lastKnownFileType = wrapper.framework; name = Bond.framework; path = Carthage/Build/iOS/Bond.framework; sourceTree = "<group>"; };
		2E19FF3D2051899100773831 /* ReactiveKit.framework */ = {isa = PBXFileReference; lastKnownFileType = wrapper.framework; name = ReactiveKit.framework; path = Carthage/Build/iOS/ReactiveKit.framework; sourceTree = "<group>"; };
		2E288080205188AD0051EC14 /* Brewfile */ = {isa = PBXFileReference; lastKnownFileType = text; path = Brewfile; sourceTree = "<group>"; };
		2E288081205188AD0051EC14 /* beak.swift */ = {isa = PBXFileReference; lastKnownFileType = sourcecode.swift; path = beak.swift; sourceTree = "<group>"; };
		2E55F0BC20ABBE11000949CF /* Cartfile.ignore */ = {isa = PBXFileReference; lastKnownFileType = text; path = Cartfile.ignore; sourceTree = "<group>"; };
		820103A81ED87AE000FB7007 /* ExampleSpec.swift */ = {isa = PBXFileReference; fileEncoding = 4; lastKnownFileType = sourcecode.swift; path = ExampleSpec.swift; sourceTree = "<group>"; };
		823F73B91ED84C3A0022317D /* App.app */ = {isa = PBXFileReference; explicitFileType = wrapper.application; includeInIndex = 0; path = App.app; sourceTree = BUILT_PRODUCTS_DIR; };
		823F73CD1ED84C3B0022317D /* Tests.xctest */ = {isa = PBXFileReference; explicitFileType = wrapper.cfbundle; includeInIndex = 0; path = Tests.xctest; sourceTree = BUILT_PRODUCTS_DIR; };
		823F73D81ED84C3B0022317D /* UITests.xctest */ = {isa = PBXFileReference; explicitFileType = wrapper.cfbundle; includeInIndex = 0; path = UITests.xctest; sourceTree = BUILT_PRODUCTS_DIR; };
		823F73EC1ED84DAC0022317D /* Images.xcassets */ = {isa = PBXFileReference; lastKnownFileType = folder.assetcatalog; path = Images.xcassets; sourceTree = "<group>"; };
		823F73EE1ED84DAC0022317D /* AppDelegate.swift */ = {isa = PBXFileReference; fileEncoding = 4; lastKnownFileType = sourcecode.swift; path = AppDelegate.swift; sourceTree = "<group>"; };
		823F73EF1ED84DAC0022317D /* ViewController.swift */ = {isa = PBXFileReference; fileEncoding = 4; lastKnownFileType = sourcecode.swift; path = ViewController.swift; sourceTree = "<group>"; };
		823F73F21ED84DAC0022317D /* Info.plist */ = {isa = PBXFileReference; fileEncoding = 4; lastKnownFileType = text.plist.xml; path = Info.plist; sourceTree = "<group>"; };
		823F73F51ED84DAC0022317D /* Base */ = {isa = PBXFileReference; lastKnownFileType = file.storyboard; name = Base; path = Base.lproj/LaunchScreen.storyboard; sourceTree = "<group>"; };
		823F73F71ED84DAC0022317D /* Base */ = {isa = PBXFileReference; lastKnownFileType = file.storyboard; name = Base; path = Base.lproj/Main.storyboard; sourceTree = "<group>"; };
		823F73FD1ED84DAC0022317D /* Info.plist */ = {isa = PBXFileReference; fileEncoding = 4; lastKnownFileType = text.plist.xml; path = Info.plist; sourceTree = "<group>"; };
		823F74031ED84DAC0022317D /* Info.plist */ = {isa = PBXFileReference; fileEncoding = 4; lastKnownFileType = text.plist.xml; path = Info.plist; sourceTree = "<group>"; };
		823F74151ED853BE0022317D /* en */ = {isa = PBXFileReference; lastKnownFileType = text.plist.strings; name = en; path = en.lproj/Localizable.strings; sourceTree = "<group>"; };
		823F74171ED853D70022317D /* de */ = {isa = PBXFileReference; lastKnownFileType = text.plist.strings; name = de; path = de.lproj/LaunchScreen.strings; sourceTree = "<group>"; };
		823F74181ED853D70022317D /* de */ = {isa = PBXFileReference; lastKnownFileType = text.plist.strings; name = de; path = de.lproj/Main.strings; sourceTree = "<group>"; };
		823F74191ED853D70022317D /* de */ = {isa = PBXFileReference; lastKnownFileType = text.plist.strings; name = de; path = de.lproj/Localizable.strings; sourceTree = "<group>"; };
		823F741B1ED85E2E0022317D /* .swiftlint.yml */ = {isa = PBXFileReference; lastKnownFileType = text; path = .swiftlint.yml; sourceTree = "<group>"; };
		823F741C1ED861100022317D /* Cartfile */ = {isa = PBXFileReference; fileEncoding = 4; lastKnownFileType = text; path = Cartfile; sourceTree = "<group>"; };
		823F741E1ED861430022317D /* Cartfile.private */ = {isa = PBXFileReference; fileEncoding = 4; lastKnownFileType = text; path = Cartfile.private; sourceTree = "<group>"; };
		823F74201ED861E80022317D /* Cartfile.resolved */ = {isa = PBXFileReference; lastKnownFileType = text; path = Cartfile.resolved; sourceTree = "<group>"; };
		823F74251ED8637B0022317D /* HandySwift.framework */ = {isa = PBXFileReference; lastKnownFileType = wrapper.framework; name = HandySwift.framework; path = Carthage/Build/iOS/HandySwift.framework; sourceTree = "<group>"; };
		823F74261ED8637B0022317D /* HandyUIKit.framework */ = {isa = PBXFileReference; lastKnownFileType = wrapper.framework; name = HandyUIKit.framework; path = Carthage/Build/iOS/HandyUIKit.framework; sourceTree = "<group>"; };
		823F74271ED8637B0022317D /* Imperio.framework */ = {isa = PBXFileReference; lastKnownFileType = wrapper.framework; name = Imperio.framework; path = Carthage/Build/iOS/Imperio.framework; sourceTree = "<group>"; };
		823F74291ED8637B0022317D /* SwiftyBeaver.framework */ = {isa = PBXFileReference; lastKnownFileType = wrapper.framework; name = SwiftyBeaver.framework; path = Carthage/Build/iOS/SwiftyBeaver.framework; sourceTree = "<group>"; };
		823F742A1ED8637B0022317D /* SwiftyUserDefaults.framework */ = {isa = PBXFileReference; lastKnownFileType = wrapper.framework; name = SwiftyUserDefaults.framework; path = Carthage/Build/iOS/SwiftyUserDefaults.framework; sourceTree = "<group>"; };
		823F74311ED8658E0022317D /* Nimble.framework */ = {isa = PBXFileReference; lastKnownFileType = wrapper.framework; name = Nimble.framework; path = Carthage/Build/iOS/Nimble.framework; sourceTree = "<group>"; };
		823F74321ED8658E0022317D /* Quick.framework */ = {isa = PBXFileReference; lastKnownFileType = wrapper.framework; name = Quick.framework; path = Carthage/Build/iOS/Quick.framework; sourceTree = "<group>"; };
		823F74381ED8679D0022317D /* Colors.swift */ = {isa = PBXFileReference; fileEncoding = 4; lastKnownFileType = sourcecode.swift; path = Colors.swift; sourceTree = "<group>"; };
		823F74391ED8679D0022317D /* Storyboards.swift */ = {isa = PBXFileReference; fileEncoding = 4; lastKnownFileType = sourcecode.swift; path = Storyboards.swift; sourceTree = "<group>"; };
		823F743A1ED8679D0022317D /* Strings.swift */ = {isa = PBXFileReference; fileEncoding = 4; lastKnownFileType = sourcecode.swift; path = Strings.swift; sourceTree = "<group>"; };
		823F74421ED86AB30022317D /* JGProgressHUD.framework */ = {isa = PBXFileReference; lastKnownFileType = wrapper.framework; name = JGProgressHUD.framework; path = Carthage/Build/iOS/JGProgressHUD.framework; sourceTree = "<group>"; };
		823F746E1ED876DB0022317D /* ExampleTestCase.swift */ = {isa = PBXFileReference; fileEncoding = 4; lastKnownFileType = sourcecode.swift; path = ExampleTestCase.swift; sourceTree = "<group>"; };
		8298176120DBB6960021ED19 /* Colors.xcassets */ = {isa = PBXFileReference; lastKnownFileType = folder.assetcatalog; path = Colors.xcassets; sourceTree = "<group>"; };
		82CC293420DBD61C00C61C6E /* en */ = {isa = PBXFileReference; lastKnownFileType = text.plist.strings; name = en; path = en.lproj/LaunchScreen.strings; sourceTree = "<group>"; };
		82CC294D20DBDB2000C61C6E /* Progress.swift */ = {isa = PBXFileReference; fileEncoding = 4; lastKnownFileType = sourcecode.swift; path = Progress.swift; sourceTree = "<group>"; };
		82CC294E20DBDB2000C61C6E /* Logger.swift */ = {isa = PBXFileReference; fileEncoding = 4; lastKnownFileType = sourcecode.swift; path = Logger.swift; sourceTree = "<group>"; };
		82CC294F20DBDB2000C61C6E /* Branding.swift */ = {isa = PBXFileReference; fileEncoding = 4; lastKnownFileType = sourcecode.swift; path = Branding.swift; sourceTree = "<group>"; };
		82CC295D20DBE46D00C61C6E /* Result.framework */ = {isa = PBXFileReference; lastKnownFileType = wrapper.framework; name = Result.framework; path = Carthage/Build/iOS/Result.framework; sourceTree = "<group>"; };
		82F2BF7320DBBA7E009D037D /* en */ = {isa = PBXFileReference; lastKnownFileType = text.plist.strings; name = en; path = en.lproj/InfoPlist.strings; sourceTree = "<group>"; };
		82F2BF7520DBBA80009D037D /* de */ = {isa = PBXFileReference; lastKnownFileType = text.plist.strings; name = de; path = de.lproj/InfoPlist.strings; sourceTree = "<group>"; };
		82F2BF7720DBBD8F009D037D /* Moya.framework */ = {isa = PBXFileReference; lastKnownFileType = wrapper.framework; name = Moya.framework; path = Carthage/Build/iOS/Moya.framework; sourceTree = "<group>"; };
		82F2BF7820DBBD8F009D037D /* Alamofire.framework */ = {isa = PBXFileReference; lastKnownFileType = wrapper.framework; name = Alamofire.framework; path = Carthage/Build/iOS/Alamofire.framework; sourceTree = "<group>"; };
		82F2BF8020DBC806009D037D /* en */ = {isa = PBXFileReference; lastKnownFileType = text.plist.strings; name = en; path = en.lproj/Main.strings; sourceTree = "<group>"; };
/* End PBXFileReference section */

/* Begin PBXFrameworksBuildPhase section */
		823F73B61ED84C3A0022317D /* Frameworks */ = {
			isa = PBXFrameworksBuildPhase;
			buildActionMask = 2147483647;
			files = (
				823F742F1ED8637B0022317D /* SwiftyBeaver.framework in Frameworks */,
				823F742C1ED8637B0022317D /* HandyUIKit.framework in Frameworks */,
				823F742B1ED8637B0022317D /* HandySwift.framework in Frameworks */,
				82CC295E20DBE46D00C61C6E /* Result.framework in Frameworks */,
				823F74301ED8637B0022317D /* SwiftyUserDefaults.framework in Frameworks */,
				2E19FF3E2051899100773831 /* Differ.framework in Frameworks */,
				2E19FF3F2051899100773831 /* Bond.framework in Frameworks */,
				82F2BF7920DBBD8F009D037D /* Moya.framework in Frameworks */,
				82F2BF7A20DBBD8F009D037D /* Alamofire.framework in Frameworks */,
				823F74431ED86AB30022317D /* JGProgressHUD.framework in Frameworks */,
				2E19FF402051899100773831 /* ReactiveKit.framework in Frameworks */,
				823F742D1ED8637B0022317D /* Imperio.framework in Frameworks */,
			);
			runOnlyForDeploymentPostprocessing = 0;
		};
		823F73CA1ED84C3B0022317D /* Frameworks */ = {
			isa = PBXFrameworksBuildPhase;
			buildActionMask = 2147483647;
			files = (
				823F74341ED8658E0022317D /* Quick.framework in Frameworks */,
				823F74331ED8658E0022317D /* Nimble.framework in Frameworks */,
			);
			runOnlyForDeploymentPostprocessing = 0;
		};
		823F73D51ED84C3B0022317D /* Frameworks */ = {
			isa = PBXFrameworksBuildPhase;
			buildActionMask = 2147483647;
			files = (
			);
			runOnlyForDeploymentPostprocessing = 0;
		};
/* End PBXFrameworksBuildPhase section */

/* Begin PBXGroup section */
		823F73B01ED84C3A0022317D = {
			isa = PBXGroup;
			children = (
				82CC28E420DBCB5500C61C6E /* App */,
				823F73F81ED84DAC0022317D /* Tests */,
				823F73FE1ED84DAC0022317D /* UITests */,
				82CC28E520DBCCEE00C61C6E /* Extensions */,
				823F74111ED853A00022317D /* RootFiles */,
				8298176420DBB9D10021ED19 /* Frameworks */,
				823F73BA1ED84C3A0022317D /* Products */,
			);
			sourceTree = "<group>";
		};
		823F73BA1ED84C3A0022317D /* Products */ = {
			isa = PBXGroup;
			children = (
				823F73B91ED84C3A0022317D /* App.app */,
				823F73CD1ED84C3B0022317D /* Tests.xctest */,
				823F73D81ED84C3B0022317D /* UITests.xctest */,
			);
			name = Products;
			sourceTree = "<group>";
		};
		823F73EA1ED84DAC0022317D /* Sources */ = {
			isa = PBXGroup;
			children = (
				823F73EE1ED84DAC0022317D /* AppDelegate.swift */,
				82CC294920DBDB2000C61C6E /* Globals */,
				8298175F20DBB6140021ED19 /* Models */,
				8298175E20DBB60C0021ED19 /* Networking */,
				8298175B20DBB5C00021ED19 /* ScreenFlows */,
			);
			path = Sources;
			sourceTree = "<group>";
		};
		823F73EB1ED84DAC0022317D /* Resources */ = {
			isa = PBXGroup;
			children = (
				8298176120DBB6960021ED19 /* Colors.xcassets */,
				823F73EC1ED84DAC0022317D /* Images.xcassets */,
				823F74161ED853BE0022317D /* Localizable.strings */,
				82F2BF7D20DBC7CD009D037D /* Fonts */,
			);
			path = Resources;
			sourceTree = "<group>";
		};
		823F73F11ED84DAC0022317D /* SupportingFiles */ = {
			isa = PBXGroup;
			children = (
				823F73F21ED84DAC0022317D /* Info.plist */,
				82F2BF7420DBBA7E009D037D /* InfoPlist.strings */,
				823F73F41ED84DAC0022317D /* LaunchScreen.storyboard */,
			);
			path = SupportingFiles;
			sourceTree = "<group>";
		};
		823F73F81ED84DAC0022317D /* Tests */ = {
			isa = PBXGroup;
			children = (
				823F746A1ED876AB0022317D /* Sources */,
				8298176320DBB90D0021ED19 /* Resources */,
				823F73FC1ED84DAC0022317D /* SupportingFiles */,
			);
			path = Tests;
			sourceTree = "<group>";
		};
		823F73FC1ED84DAC0022317D /* SupportingFiles */ = {
			isa = PBXGroup;
			children = (
				823F73FD1ED84DAC0022317D /* Info.plist */,
			);
			path = SupportingFiles;
			sourceTree = "<group>";
		};
		823F73FE1ED84DAC0022317D /* UITests */ = {
			isa = PBXGroup;
			children = (
				823F746D1ED876C00022317D /* Sources */,
				823F73FF1ED84DAC0022317D /* Resources */,
				823F74021ED84DAC0022317D /* SupportingFiles */,
			);
			path = UITests;
			sourceTree = "<group>";
		};
		823F73FF1ED84DAC0022317D /* Resources */ = {
			isa = PBXGroup;
			children = (
			);
			path = Resources;
			sourceTree = "<group>";
		};
		823F74021ED84DAC0022317D /* SupportingFiles */ = {
			isa = PBXGroup;
			children = (
				823F74031ED84DAC0022317D /* Info.plist */,
			);
			path = SupportingFiles;
			sourceTree = "<group>";
		};
		823F74111ED853A00022317D /* RootFiles */ = {
			isa = PBXGroup;
			children = (
				823F741B1ED85E2E0022317D /* .swiftlint.yml */,
				2E288081205188AD0051EC14 /* beak.swift */,
				2E288080205188AD0051EC14 /* Brewfile */,
				823F741C1ED861100022317D /* Cartfile */,
				2E55F0BC20ABBE11000949CF /* Cartfile.ignore */,
				823F741E1ED861430022317D /* Cartfile.private */,
				823F74201ED861E80022317D /* Cartfile.resolved */,
			);
			name = RootFiles;
			sourceTree = "<group>";
		};
		823F74231ED863520022317D /* App */ = {
			isa = PBXGroup;
			children = (
				82F2BF7820DBBD8F009D037D /* Alamofire.framework */,
				2E19FF3C2051899100773831 /* Bond.framework */,
				2E19FF3B2051899100773831 /* Differ.framework */,
				823F74251ED8637B0022317D /* HandySwift.framework */,
				823F74261ED8637B0022317D /* HandyUIKit.framework */,
				823F74271ED8637B0022317D /* Imperio.framework */,
				823F74421ED86AB30022317D /* JGProgressHUD.framework */,
				82F2BF7720DBBD8F009D037D /* Moya.framework */,
				2E19FF3D2051899100773831 /* ReactiveKit.framework */,
				82CC295D20DBE46D00C61C6E /* Result.framework */,
				823F74291ED8637B0022317D /* SwiftyBeaver.framework */,
				823F742A1ED8637B0022317D /* SwiftyUserDefaults.framework */,
			);
			name = App;
			sourceTree = "<group>";
		};
		823F74241ED863560022317D /* Tests */ = {
			isa = PBXGroup;
			children = (
				823F74311ED8658E0022317D /* Nimble.framework */,
				823F74321ED8658E0022317D /* Quick.framework */,
			);
			name = Tests;
			sourceTree = "<group>";
		};
		823F746A1ED876AB0022317D /* Sources */ = {
			isa = PBXGroup;
			children = (
				820103A81ED87AE000FB7007 /* ExampleSpec.swift */,
			);
			path = Sources;
			sourceTree = "<group>";
		};
		823F746D1ED876C00022317D /* Sources */ = {
			isa = PBXGroup;
			children = (
				823F746E1ED876DB0022317D /* ExampleTestCase.swift */,
			);
			path = Sources;
			sourceTree = "<group>";
		};
		8298175320DBB4B40021ED19 /* Generated */ = {
			isa = PBXGroup;
			children = (
				8298175420DBB4BD0021ED19 /* SwiftGen */,
			);
			path = Generated;
			sourceTree = "<group>";
		};
		8298175420DBB4BD0021ED19 /* SwiftGen */ = {
			isa = PBXGroup;
			children = (
				823F74381ED8679D0022317D /* Colors.swift */,
				823F74391ED8679D0022317D /* Storyboards.swift */,
				823F743A1ED8679D0022317D /* Strings.swift */,
			);
			path = SwiftGen;
			sourceTree = "<group>";
		};
		8298175B20DBB5C00021ED19 /* ScreenFlows */ = {
			isa = PBXGroup;
			children = (
				8298175C20DBB5D90021ED19 /* Main */,
			);
			path = ScreenFlows;
			sourceTree = "<group>";
		};
		8298175C20DBB5D90021ED19 /* Main */ = {
			isa = PBXGroup;
			children = (
				823F73F61ED84DAC0022317D /* Main.storyboard */,
				823F73EF1ED84DAC0022317D /* ViewController.swift */,
			);
			path = Main;
			sourceTree = "<group>";
		};
		8298175E20DBB60C0021ED19 /* Networking */ = {
			isa = PBXGroup;
			children = (
			);
			path = Networking;
			sourceTree = "<group>";
		};
		8298175F20DBB6140021ED19 /* Models */ = {
			isa = PBXGroup;
			children = (
			);
			path = Models;
			sourceTree = "<group>";
		};
		8298176320DBB90D0021ED19 /* Resources */ = {
			isa = PBXGroup;
			children = (
			);
			path = Resources;
			sourceTree = "<group>";
		};
		8298176420DBB9D10021ED19 /* Frameworks */ = {
			isa = PBXGroup;
			children = (
				8298176520DBB9D80021ED19 /* Carthage */,
				8298176620DBB9DD0021ED19 /* Local */,
			);
			name = Frameworks;
			sourceTree = "<group>";
		};
		8298176520DBB9D80021ED19 /* Carthage */ = {
			isa = PBXGroup;
			children = (
				823F74231ED863520022317D /* App */,
				823F74241ED863560022317D /* Tests */,
			);
			name = Carthage;
			sourceTree = "<group>";
		};
		8298176620DBB9DD0021ED19 /* Local */ = {
			isa = PBXGroup;
			children = (
				8298176720DBB9EA0021ED19 /* App */,
				8298176820DBB9EE0021ED19 /* Tests */,
			);
			name = Local;
			sourceTree = "<group>";
		};
		8298176720DBB9EA0021ED19 /* App */ = {
			isa = PBXGroup;
			children = (
			);
			name = App;
			sourceTree = "<group>";
		};
		8298176820DBB9EE0021ED19 /* Tests */ = {
			isa = PBXGroup;
			children = (
			);
			name = Tests;
			sourceTree = "<group>";
		};
		82CC28E420DBCB5500C61C6E /* App */ = {
			isa = PBXGroup;
			children = (
				823F73EA1ED84DAC0022317D /* Sources */,
				823F73EB1ED84DAC0022317D /* Resources */,
				823F73F11ED84DAC0022317D /* SupportingFiles */,
				8298175320DBB4B40021ED19 /* Generated */,
			);
			path = App;
			sourceTree = "<group>";
		};
		82CC28E520DBCCEE00C61C6E /* Extensions */ = {
			isa = PBXGroup;
			children = (
			);
			name = Extensions;
			path = "New Group";
			sourceTree = "<group>";
		};
		82CC294920DBDB2000C61C6E /* Globals */ = {
			isa = PBXGroup;
			children = (
				82CC294D20DBDB2000C61C6E /* Progress.swift */,
				82CC294E20DBDB2000C61C6E /* Logger.swift */,
				82CC294F20DBDB2000C61C6E /* Branding.swift */,
			);
			path = Globals;
			sourceTree = "<group>";
		};
		82F2BF7D20DBC7CD009D037D /* Fonts */ = {
			isa = PBXGroup;
			children = (
			);
			path = Fonts;
			sourceTree = "<group>";
		};
/* End PBXGroup section */

/* Begin PBXNativeTarget section */
		823F73B81ED84C3A0022317D /* App */ = {
			isa = PBXNativeTarget;
			buildConfigurationList = 823F73E11ED84C3B0022317D /* Build configuration list for PBXNativeTarget "App" */;
			buildPhases = (
				823F74371ED867750022317D /* BartyCrouch */,
				823F74351ED866BF0022317D /* SwiftGen */,
				823F73B51ED84C3A0022317D /* Sources */,
				823F73B61ED84C3A0022317D /* Frameworks */,
				823F73B71ED84C3A0022317D /* Resources */,
				823F741A1ED85E060022317D /* SwiftLint */,
				823F74211ED8633F0022317D /* Carthage */,
				82CC290520DBCD1900C61C6E /* Embed Watch Content */,
				82CC292D20DBCD4C00C61C6E /* Embed App Extensions */,
			);
			buildRules = (
			);
			dependencies = (
			);
			name = App;
			productName = NewProjectTemplate;
			productReference = 823F73B91ED84C3A0022317D /* App.app */;
			productType = "com.apple.product-type.application";
		};
		823F73CC1ED84C3B0022317D /* Tests */ = {
			isa = PBXNativeTarget;
			buildConfigurationList = 823F73E41ED84C3B0022317D /* Build configuration list for PBXNativeTarget "Tests" */;
			buildPhases = (
				823F73C91ED84C3B0022317D /* Sources */,
				823F73CA1ED84C3B0022317D /* Frameworks */,
				823F73CB1ED84C3B0022317D /* Resources */,
				820103AB1ED87D1800FB7007 /* Carthage */,
			);
			buildRules = (
			);
			dependencies = (
				823F73CF1ED84C3B0022317D /* PBXTargetDependency */,
			);
			name = Tests;
			productName = NewProjectTemplateTests;
			productReference = 823F73CD1ED84C3B0022317D /* Tests.xctest */;
			productType = "com.apple.product-type.bundle.unit-test";
		};
		823F73D71ED84C3B0022317D /* UITests */ = {
			isa = PBXNativeTarget;
			buildConfigurationList = 823F73E71ED84C3B0022317D /* Build configuration list for PBXNativeTarget "UITests" */;
			buildPhases = (
				823F73D41ED84C3B0022317D /* Sources */,
				823F73D51ED84C3B0022317D /* Frameworks */,
				823F73D61ED84C3B0022317D /* Resources */,
			);
			buildRules = (
			);
			dependencies = (
				823F73DA1ED84C3B0022317D /* PBXTargetDependency */,
			);
			name = UITests;
			productName = NewProjectTemplateUITests;
			productReference = 823F73D81ED84C3B0022317D /* UITests.xctest */;
			productType = "com.apple.product-type.bundle.ui-testing";
		};
/* End PBXNativeTarget section */

/* Begin PBXProject section */
		823F73B11ED84C3A0022317D /* Project object */ = {
			isa = PBXProject;
			attributes = {
				LastSwiftUpdateCheck = 0940;
				LastUpgradeCheck = 0930;
				ORGANIZATIONNAME = "Jamit Labs GmbH";
				TargetAttributes = {
					823F73B81ED84C3A0022317D = {
						CreatedOnToolsVersion = 8.3.2;
						DevelopmentTeam = DB7EUU9D79;
						LastSwiftMigration = 0900;
						ProvisioningStyle = Automatic;
					};
					823F73CC1ED84C3B0022317D = {
						CreatedOnToolsVersion = 8.3.2;
						DevelopmentTeam = DB7EUU9D79;
						LastSwiftMigration = 0900;
						ProvisioningStyle = Automatic;
						TestTargetID = 823F73B81ED84C3A0022317D;
					};
					823F73D71ED84C3B0022317D = {
						CreatedOnToolsVersion = 8.3.2;
						DevelopmentTeam = DB7EUU9D79;
						LastSwiftMigration = 0900;
						ProvisioningStyle = Automatic;
						TestTargetID = 823F73B81ED84C3A0022317D;
					};
				};
			};
			buildConfigurationList = 823F73B41ED84C3A0022317D /* Build configuration list for PBXProject "NewProjectTemplate" */;
			compatibilityVersion = "Xcode 3.2";
			developmentRegion = English;
			hasScannedForEncodings = 0;
			knownRegions = (
				en,
				Base,
				de,
			);
			mainGroup = 823F73B01ED84C3A0022317D;
			productRefGroup = 823F73BA1ED84C3A0022317D /* Products */;
			projectDirPath = "";
			projectRoot = "";
			targets = (
				823F73B81ED84C3A0022317D /* App */,
				823F73CC1ED84C3B0022317D /* Tests */,
				823F73D71ED84C3B0022317D /* UITests */,
			);
		};
/* End PBXProject section */

/* Begin PBXResourcesBuildPhase section */
		823F73B71ED84C3A0022317D /* Resources */ = {
			isa = PBXResourcesBuildPhase;
			buildActionMask = 2147483647;
			files = (
				8298176220DBB6960021ED19 /* Colors.xcassets in Resources */,
				82F2BF7220DBBA7E009D037D /* InfoPlist.strings in Resources */,
				823F74081ED84DAC0022317D /* LaunchScreen.storyboard in Resources */,
				823F74141ED853BE0022317D /* Localizable.strings in Resources */,
				823F74041ED84DAC0022317D /* Images.xcassets in Resources */,
				823F74091ED84DAC0022317D /* Main.storyboard in Resources */,
			);
			runOnlyForDeploymentPostprocessing = 0;
		};
		823F73CB1ED84C3B0022317D /* Resources */ = {
			isa = PBXResourcesBuildPhase;
			buildActionMask = 2147483647;
			files = (
			);
			runOnlyForDeploymentPostprocessing = 0;
		};
		823F73D61ED84C3B0022317D /* Resources */ = {
			isa = PBXResourcesBuildPhase;
			buildActionMask = 2147483647;
			files = (
			);
			runOnlyForDeploymentPostprocessing = 0;
		};
/* End PBXResourcesBuildPhase section */

/* Begin PBXShellScriptBuildPhase section */
		823F741A1ED85E060022317D /* SwiftLint */ = {
			isa = PBXShellScriptBuildPhase;
			buildActionMask = 2147483647;
			files = (
			);
			inputPaths = (
			);
			name = SwiftLint;
			outputPaths = (
			);
			runOnlyForDeploymentPostprocessing = 0;
			shellPath = /bin/sh;
			shellScript = "if which swiftlint > /dev/null; then\n    swiftlint\nelse\n    echo \"warning: SwiftLint not installed, download it from https://github.com/realm/SwiftLint\"\nfi";
		};
		823F74211ED8633F0022317D /* Carthage */ = {
			isa = PBXShellScriptBuildPhase;
			buildActionMask = 2147483647;
			files = (
			);
			inputPaths = (
				"$(SRCROOT)/Carthage/Build/iOS/Alamofire.framework",
				"$(SRCROOT)/Carthage/Build/iOS/Bond.framework",
				"$(SRCROOT)/Carthage/Build/iOS/Differ.framework",
				"$(SRCROOT)/Carthage/Build/iOS/HandySwift.framework",
				"$(SRCROOT)/Carthage/Build/iOS/HandyUIKit.framework",
				"$(SRCROOT)/Carthage/Build/iOS/Imperio.framework",
				"$(SRCROOT)/Carthage/Build/iOS/JGProgressHUD.framework",
				"$(SRCROOT)/Carthage/Build/iOS/Moya.framework",
				"$(SRCROOT)/Carthage/Build/iOS/ReactiveKit.framework",
				"$(SRCROOT)/Carthage/Build/iOS/Result.framework",
				"$(SRCROOT)/Carthage/Build/iOS/SwiftyBeaver.framework",
				"$(SRCROOT)/Carthage/Build/iOS/SwiftyUserDefaults.framework",
			);
			name = Carthage;
			outputPaths = (
			);
			runOnlyForDeploymentPostprocessing = 0;
			shellPath = /bin/sh;
			shellScript = "/usr/local/bin/carthage copy-frameworks";
		};
		823F74351ED866BF0022317D /* SwiftGen */ = {
			isa = PBXShellScriptBuildPhase;
			buildActionMask = 2147483647;
			files = (
			);
			inputPaths = (
			);
			name = SwiftGen;
			outputPaths = (
			);
			runOnlyForDeploymentPostprocessing = 0;
			shellPath = /bin/sh;
			shellScript = "if which swiftgen > /dev/null; then\n    swiftgen strings \"$PROJECT_DIR/App/Resources/en.lproj/Localizable.strings\" -t structured-swift4 -o \"$PROJECT_DIR/App/Generated/SwiftGen/Strings.swift\"\n    swiftgen storyboards \"$PROJECT_DIR/App/Sources/ScreenFlows\" -t swift4 -o \"$PROJECT_DIR/App/Generated/SwiftGen/Storyboards.swift\"\nelse\n    echo \"warning: SwiftGen not installed, download it from https://github.com/AliSoftware/SwiftGen\"\nfi";
		};
		823F74371ED867750022317D /* BartyCrouch */ = {
			isa = PBXShellScriptBuildPhase;
			buildActionMask = 2147483647;
			files = (
			);
			inputPaths = (
			);
			name = BartyCrouch;
			outputPaths = (
			);
			runOnlyForDeploymentPostprocessing = 0;
			shellPath = /bin/sh;
			shellScript = "if which bartycrouch > /dev/null; then\n    # Incrementally update all Storyboards/XIBs strings files\n    bartycrouch interfaces -p \"$PROJECT_DIR/App/Sources/ScreenFlows\"\n\n    # Add new keys to Localizable.strings files from NSLocalizedString in code\n    bartycrouch code -p \"$PROJECT_DIR/App/Sources\" -l \"$PROJECT_DIR/App/Resources\" -a -s -e\n\n    # Normalize your Strings files to keep them nice and clean\n    bartycrouch normalize -p \"$PROJECT_DIR/App\" -l en -d -w -h -s\nelse\n    echo \"warning: BartyCrouch not installed, download it from https://github.com/Flinesoft/BartyCrouch\"\nfi";
		};
/* End PBXShellScriptBuildPhase section */

/* Begin PBXSourcesBuildPhase section */
		823F73B51ED84C3A0022317D /* Sources */ = {
			isa = PBXSourcesBuildPhase;
			buildActionMask = 2147483647;
			files = (
				823F743C1ED8679D0022317D /* Storyboards.swift in Sources */,
				823F74061ED84DAC0022317D /* ViewController.swift in Sources */,
				823F743D1ED8679D0022317D /* Strings.swift in Sources */,
				823F743B1ED8679D0022317D /* Colors.swift in Sources */,
				82CC295620DBDB2000C61C6E /* Progress.swift in Sources */,
				82CC295720DBDB2000C61C6E /* Logger.swift in Sources */,
				823F74051ED84DAC0022317D /* AppDelegate.swift in Sources */,
				82CC295820DBDB2000C61C6E /* Branding.swift in Sources */,
			);
			runOnlyForDeploymentPostprocessing = 0;
		};
		823F73C91ED84C3B0022317D /* Sources */ = {
			isa = PBXSourcesBuildPhase;
			buildActionMask = 2147483647;
			files = (
				820103AA1ED87B0600FB7007 /* ExampleSpec.swift in Sources */,
			);
			runOnlyForDeploymentPostprocessing = 0;
		};
		823F73D41ED84C3B0022317D /* Sources */ = {
			isa = PBXSourcesBuildPhase;
			buildActionMask = 2147483647;
			files = (
				823F746F1ED876DB0022317D /* ExampleTestCase.swift in Sources */,
			);
			runOnlyForDeploymentPostprocessing = 0;
		};
/* End PBXSourcesBuildPhase section */

/* Begin PBXTargetDependency section */
		823F73CF1ED84C3B0022317D /* PBXTargetDependency */ = {
			isa = PBXTargetDependency;
			target = 823F73B81ED84C3A0022317D /* App */;
			targetProxy = 823F73CE1ED84C3B0022317D /* PBXContainerItemProxy */;
		};
		823F73DA1ED84C3B0022317D /* PBXTargetDependency */ = {
			isa = PBXTargetDependency;
			target = 823F73B81ED84C3A0022317D /* App */;
			targetProxy = 823F73D91ED84C3B0022317D /* PBXContainerItemProxy */;
		};
/* End PBXTargetDependency section */

/* Begin PBXVariantGroup section */
		823F73F41ED84DAC0022317D /* LaunchScreen.storyboard */ = {
			isa = PBXVariantGroup;
			children = (
				823F73F51ED84DAC0022317D /* Base */,
				823F74171ED853D70022317D /* de */,
				82CC293420DBD61C00C61C6E /* en */,
			);
			name = LaunchScreen.storyboard;
			sourceTree = "<group>";
		};
		823F73F61ED84DAC0022317D /* Main.storyboard */ = {
			isa = PBXVariantGroup;
			children = (
				823F73F71ED84DAC0022317D /* Base */,
				823F74181ED853D70022317D /* de */,
				82F2BF8020DBC806009D037D /* en */,
			);
			name = Main.storyboard;
			sourceTree = "<group>";
		};
		823F74161ED853BE0022317D /* Localizable.strings */ = {
			isa = PBXVariantGroup;
			children = (
				823F74151ED853BE0022317D /* en */,
				823F74191ED853D70022317D /* de */,
			);
			name = Localizable.strings;
			sourceTree = "<group>";
		};
		82F2BF7420DBBA7E009D037D /* InfoPlist.strings */ = {
			isa = PBXVariantGroup;
			children = (
				82F2BF7320DBBA7E009D037D /* en */,
				82F2BF7520DBBA80009D037D /* de */,
			);
			name = InfoPlist.strings;
			sourceTree = "<group>";
		};
/* End PBXVariantGroup section */

/* Begin XCBuildConfiguration section */
		823F73DF1ED84C3B0022317D /* Debug */ = {
			isa = XCBuildConfiguration;
			buildSettings = {
				ALWAYS_SEARCH_USER_PATHS = NO;
				CLANG_ANALYZER_LOCALIZABILITY_NONLOCALIZED = YES;
				CLANG_ANALYZER_NONNULL = YES;
				CLANG_ANALYZER_NUMBER_OBJECT_CONVERSION = YES_AGGRESSIVE;
				CLANG_CXX_LANGUAGE_STANDARD = "gnu++0x";
				CLANG_CXX_LIBRARY = "libc++";
				CLANG_ENABLE_MODULES = YES;
				CLANG_ENABLE_OBJC_ARC = YES;
				CLANG_WARN_BLOCK_CAPTURE_AUTORELEASING = YES;
				CLANG_WARN_BOOL_CONVERSION = YES;
				CLANG_WARN_COMMA = YES;
				CLANG_WARN_CONSTANT_CONVERSION = YES;
				CLANG_WARN_DEPRECATED_OBJC_IMPLEMENTATIONS = YES;
				CLANG_WARN_DIRECT_OBJC_ISA_USAGE = YES_ERROR;
				CLANG_WARN_DOCUMENTATION_COMMENTS = YES;
				CLANG_WARN_EMPTY_BODY = YES;
				CLANG_WARN_ENUM_CONVERSION = YES;
				CLANG_WARN_INFINITE_RECURSION = YES;
				CLANG_WARN_INT_CONVERSION = YES;
				CLANG_WARN_NON_LITERAL_NULL_CONVERSION = YES;
				CLANG_WARN_OBJC_IMPLICIT_RETAIN_SELF = YES;
				CLANG_WARN_OBJC_LITERAL_CONVERSION = YES;
				CLANG_WARN_OBJC_ROOT_CLASS = YES_ERROR;
				CLANG_WARN_RANGE_LOOP_ANALYSIS = YES;
				CLANG_WARN_STRICT_PROTOTYPES = YES;
				CLANG_WARN_SUSPICIOUS_MOVE = YES;
				CLANG_WARN_UNREACHABLE_CODE = YES;
				CLANG_WARN__DUPLICATE_METHOD_MATCH = YES;
				"CODE_SIGN_IDENTITY[sdk=iphoneos*]" = "iPhone Developer";
				COPY_PHASE_STRIP = NO;
				DEBUG_INFORMATION_FORMAT = dwarf;
				ENABLE_STRICT_OBJC_MSGSEND = YES;
				ENABLE_TESTABILITY = YES;
				GCC_C_LANGUAGE_STANDARD = gnu99;
				GCC_DYNAMIC_NO_PIC = NO;
				GCC_NO_COMMON_BLOCKS = YES;
				GCC_OPTIMIZATION_LEVEL = 0;
				GCC_PREPROCESSOR_DEFINITIONS = (
					"DEBUG=1",
					"$(inherited)",
				);
				GCC_WARN_64_TO_32_BIT_CONVERSION = YES;
				GCC_WARN_ABOUT_RETURN_TYPE = YES_ERROR;
				GCC_WARN_UNDECLARED_SELECTOR = YES;
				GCC_WARN_UNINITIALIZED_AUTOS = YES_AGGRESSIVE;
				GCC_WARN_UNUSED_FUNCTION = YES;
				GCC_WARN_UNUSED_VARIABLE = YES;
				IPHONEOS_DEPLOYMENT_TARGET = 11.0;
				MTL_ENABLE_DEBUG_INFO = YES;
				ONLY_ACTIVE_ARCH = YES;
				SDKROOT = iphoneos;
				SWIFT_ACTIVE_COMPILATION_CONDITIONS = DEBUG;
				SWIFT_OPTIMIZATION_LEVEL = "-Onone";
				SWIFT_SWIFT3_OBJC_INFERENCE = Off;
				TARGETED_DEVICE_FAMILY = "1,2";
			};
			name = Debug;
		};
		823F73E01ED84C3B0022317D /* Release */ = {
			isa = XCBuildConfiguration;
			buildSettings = {
				ALWAYS_SEARCH_USER_PATHS = NO;
				CLANG_ANALYZER_LOCALIZABILITY_NONLOCALIZED = YES;
				CLANG_ANALYZER_NONNULL = YES;
				CLANG_ANALYZER_NUMBER_OBJECT_CONVERSION = YES_AGGRESSIVE;
				CLANG_CXX_LANGUAGE_STANDARD = "gnu++0x";
				CLANG_CXX_LIBRARY = "libc++";
				CLANG_ENABLE_MODULES = YES;
				CLANG_ENABLE_OBJC_ARC = YES;
				CLANG_WARN_BLOCK_CAPTURE_AUTORELEASING = YES;
				CLANG_WARN_BOOL_CONVERSION = YES;
				CLANG_WARN_COMMA = YES;
				CLANG_WARN_CONSTANT_CONVERSION = YES;
				CLANG_WARN_DEPRECATED_OBJC_IMPLEMENTATIONS = YES;
				CLANG_WARN_DIRECT_OBJC_ISA_USAGE = YES_ERROR;
				CLANG_WARN_DOCUMENTATION_COMMENTS = YES;
				CLANG_WARN_EMPTY_BODY = YES;
				CLANG_WARN_ENUM_CONVERSION = YES;
				CLANG_WARN_INFINITE_RECURSION = YES;
				CLANG_WARN_INT_CONVERSION = YES;
				CLANG_WARN_NON_LITERAL_NULL_CONVERSION = YES;
				CLANG_WARN_OBJC_IMPLICIT_RETAIN_SELF = YES;
				CLANG_WARN_OBJC_LITERAL_CONVERSION = YES;
				CLANG_WARN_OBJC_ROOT_CLASS = YES_ERROR;
				CLANG_WARN_RANGE_LOOP_ANALYSIS = YES;
				CLANG_WARN_STRICT_PROTOTYPES = YES;
				CLANG_WARN_SUSPICIOUS_MOVE = YES;
				CLANG_WARN_UNREACHABLE_CODE = YES;
				CLANG_WARN__DUPLICATE_METHOD_MATCH = YES;
				"CODE_SIGN_IDENTITY[sdk=iphoneos*]" = "iPhone Developer";
				COPY_PHASE_STRIP = NO;
				DEBUG_INFORMATION_FORMAT = "dwarf-with-dsym";
				ENABLE_NS_ASSERTIONS = NO;
				ENABLE_STRICT_OBJC_MSGSEND = YES;
				GCC_C_LANGUAGE_STANDARD = gnu99;
				GCC_NO_COMMON_BLOCKS = YES;
				GCC_WARN_64_TO_32_BIT_CONVERSION = YES;
				GCC_WARN_ABOUT_RETURN_TYPE = YES_ERROR;
				GCC_WARN_UNDECLARED_SELECTOR = YES;
				GCC_WARN_UNINITIALIZED_AUTOS = YES_AGGRESSIVE;
				GCC_WARN_UNUSED_FUNCTION = YES;
				GCC_WARN_UNUSED_VARIABLE = YES;
				IPHONEOS_DEPLOYMENT_TARGET = 11.0;
				MTL_ENABLE_DEBUG_INFO = NO;
				SDKROOT = iphoneos;
				SWIFT_OPTIMIZATION_LEVEL = "-Owholemodule";
				SWIFT_SWIFT3_OBJC_INFERENCE = Off;
				TARGETED_DEVICE_FAMILY = "1,2";
				VALIDATE_PRODUCT = YES;
			};
			name = Release;
		};
		823F73E21ED84C3B0022317D /* Debug */ = {
			isa = XCBuildConfiguration;
			buildSettings = {
				ASSETCATALOG_COMPILER_APPICON_NAME = AppIcon;
				CODE_SIGN_IDENTITY = "iPhone Developer";
				DEVELOPMENT_TEAM = DB7EUU9D79;
				FRAMEWORK_SEARCH_PATHS = (
					"$(inherited)",
					"$(PROJECT_DIR)/Carthage/Build/iOS",
				);
				INFOPLIST_FILE = "$(SRCROOT)/App/SupportingFiles/Info.plist";
				LD_RUNPATH_SEARCH_PATHS = "$(inherited) @executable_path/Frameworks";
				OTHER_SWIFT_FLAGS = "-D DEBUG";
				PRODUCT_BUNDLE_IDENTIFIER = com.jamitlabs.NewProjectTemplate;
				PRODUCT_NAME = "$(TARGET_NAME)";
				SWIFT_VERSION = 4.0;
			};
			name = Debug;
		};
		823F73E31ED84C3B0022317D /* Release */ = {
			isa = XCBuildConfiguration;
			buildSettings = {
				ASSETCATALOG_COMPILER_APPICON_NAME = AppIcon;
				CODE_SIGN_IDENTITY = "iPhone Developer";
				DEVELOPMENT_TEAM = DB7EUU9D79;
				FRAMEWORK_SEARCH_PATHS = (
					"$(inherited)",
					"$(PROJECT_DIR)/Carthage/Build/iOS",
				);
				INFOPLIST_FILE = "$(SRCROOT)/App/SupportingFiles/Info.plist";
				LD_RUNPATH_SEARCH_PATHS = "$(inherited) @executable_path/Frameworks";
				PRODUCT_BUNDLE_IDENTIFIER = com.jamitlabs.NewProjectTemplate;
				PRODUCT_NAME = "$(TARGET_NAME)";
				SWIFT_VERSION = 4.0;
			};
			name = Release;
		};
		823F73E51ED84C3B0022317D /* Debug */ = {
			isa = XCBuildConfiguration;
			buildSettings = {
				ALWAYS_EMBED_SWIFT_STANDARD_LIBRARIES = YES;
				BUNDLE_LOADER = "$(TEST_HOST)";
				CLANG_ENABLE_MODULES = YES;
				DEVELOPMENT_TEAM = DB7EUU9D79;
				FRAMEWORK_SEARCH_PATHS = (
					"$(inherited)",
					"$(PROJECT_DIR)/Carthage/Build/iOS",
				);
				INFOPLIST_FILE = "$(SRCROOT)/Tests/SupportingFiles/Info.plist";
				LD_RUNPATH_SEARCH_PATHS = "$(inherited) @executable_path/Frameworks @loader_path/Frameworks";
				PRODUCT_BUNDLE_IDENTIFIER = com.jamitlabs.NewProjectTemplateTests;
				PRODUCT_NAME = "$(TARGET_NAME)";
				SWIFT_OPTIMIZATION_LEVEL = "-Onone";
				SWIFT_VERSION = 4.0;
				TEST_HOST = "$(BUILT_PRODUCTS_DIR)/App.app/App";
			};
			name = Debug;
		};
		823F73E61ED84C3B0022317D /* Release */ = {
			isa = XCBuildConfiguration;
			buildSettings = {
				ALWAYS_EMBED_SWIFT_STANDARD_LIBRARIES = YES;
				BUNDLE_LOADER = "$(TEST_HOST)";
				CLANG_ENABLE_MODULES = YES;
				DEVELOPMENT_TEAM = DB7EUU9D79;
				FRAMEWORK_SEARCH_PATHS = (
					"$(inherited)",
					"$(PROJECT_DIR)/Carthage/Build/iOS",
				);
				INFOPLIST_FILE = "$(SRCROOT)/Tests/SupportingFiles/Info.plist";
				LD_RUNPATH_SEARCH_PATHS = "$(inherited) @executable_path/Frameworks @loader_path/Frameworks";
				PRODUCT_BUNDLE_IDENTIFIER = com.jamitlabs.NewProjectTemplateTests;
				PRODUCT_NAME = "$(TARGET_NAME)";
				SWIFT_VERSION = 4.0;
				TEST_HOST = "$(BUILT_PRODUCTS_DIR)/App.app/App";
			};
			name = Release;
		};
		823F73E81ED84C3B0022317D /* Debug */ = {
			isa = XCBuildConfiguration;
			buildSettings = {
				ALWAYS_EMBED_SWIFT_STANDARD_LIBRARIES = YES;
				CLANG_ENABLE_MODULES = YES;
				DEVELOPMENT_TEAM = DB7EUU9D79;
				INFOPLIST_FILE = "$(SRCROOT)/UITests/SupportingFiles/Info.plist";
				LD_RUNPATH_SEARCH_PATHS = "$(inherited) @executable_path/Frameworks @loader_path/Frameworks";
				PRODUCT_BUNDLE_IDENTIFIER = com.jamitlabs.NewProjectTemplateUITests;
				PRODUCT_NAME = "$(TARGET_NAME)";
				SWIFT_OPTIMIZATION_LEVEL = "-Onone";
				SWIFT_VERSION = 4.0;
				TEST_TARGET_NAME = NewProjectTemplate;
			};
			name = Debug;
		};
		823F73E91ED84C3B0022317D /* Release */ = {
			isa = XCBuildConfiguration;
			buildSettings = {
				ALWAYS_EMBED_SWIFT_STANDARD_LIBRARIES = YES;
				CLANG_ENABLE_MODULES = YES;
				DEVELOPMENT_TEAM = DB7EUU9D79;
				INFOPLIST_FILE = "$(SRCROOT)/UITests/SupportingFiles/Info.plist";
				LD_RUNPATH_SEARCH_PATHS = "$(inherited) @executable_path/Frameworks @loader_path/Frameworks";
				PRODUCT_BUNDLE_IDENTIFIER = com.jamitlabs.NewProjectTemplateUITests;
				PRODUCT_NAME = "$(TARGET_NAME)";
				SWIFT_VERSION = 4.0;
				TEST_TARGET_NAME = NewProjectTemplate;
			};
			name = Release;
		};
/* End XCBuildConfiguration section */

/* Begin XCConfigurationList section */
		823F73B41ED84C3A0022317D /* Build configuration list for PBXProject "NewProjectTemplate" */ = {
			isa = XCConfigurationList;
			buildConfigurations = (
				823F73DF1ED84C3B0022317D /* Debug */,
				823F73E01ED84C3B0022317D /* Release */,
			);
			defaultConfigurationIsVisible = 0;
			defaultConfigurationName = Release;
		};
		823F73E11ED84C3B0022317D /* Build configuration list for PBXNativeTarget "App" */ = {
			isa = XCConfigurationList;
			buildConfigurations = (
				823F73E21ED84C3B0022317D /* Debug */,
				823F73E31ED84C3B0022317D /* Release */,
			);
			defaultConfigurationIsVisible = 0;
			defaultConfigurationName = Release;
		};
		823F73E41ED84C3B0022317D /* Build configuration list for PBXNativeTarget "Tests" */ = {
			isa = XCConfigurationList;
			buildConfigurations = (
				823F73E51ED84C3B0022317D /* Debug */,
				823F73E61ED84C3B0022317D /* Release */,
			);
			defaultConfigurationIsVisible = 0;
			defaultConfigurationName = Release;
		};
		823F73E71ED84C3B0022317D /* Build configuration list for PBXNativeTarget "UITests" */ = {
			isa = XCConfigurationList;
			buildConfigurations = (
				823F73E81ED84C3B0022317D /* Debug */,
				823F73E91ED84C3B0022317D /* Release */,
			);
			defaultConfigurationIsVisible = 0;
			defaultConfigurationName = Release;
		};
/* End XCConfigurationList section */
	};
	rootObject = 823F73B11ED84C3A0022317D /* Project object */;
}
